// !$*UTF8*$!
{
	archiveVersion = 1;
	classes = {
	};
	objectVersion = 46;
	objects = {

/* Begin PBXAggregateTarget section */
		BEE917925D0641608B286C32 /* ZERO_CHECK */ = {
			isa = PBXAggregateTarget;
			buildConfigurationList = F5A00F88CB3645429A526D0A /* Build configuration list for PBXAggregateTarget "ZERO_CHECK" */;
			buildPhases = (
				459915F168814BE83B7E053D /* Generate CMakeFiles/ZERO_CHECK */,
			);
			dependencies = (
			);
			name = ZERO_CHECK;
			productName = ZERO_CHECK;
		};
		CD8D9E55D5224307B45E052F /* install */ = {
			isa = PBXAggregateTarget;
			buildConfigurationList = 488704DA6F204DA2922FFDA4 /* Build configuration list for PBXAggregateTarget "install" */;
			buildPhases = (
				93426DA6A4AC2C2AC9CE883C /* CMake PostBuild Rules */,
			);
			dependencies = (
				7FEA57C08024486EB36A3096 /* PBXTargetDependency */,
			);
			name = install;
			productName = install;
		};
		F1BC1D4CF777479881817C74 /* ALL_BUILD */ = {
			isa = PBXAggregateTarget;
			buildConfigurationList = 44FC5D20157B444BA01C46E8 /* Build configuration list for PBXAggregateTarget "ALL_BUILD" */;
			buildPhases = (
				B8EFF0638168BF77385C05DF /* Generate CMakeFiles/ALL_BUILD */,
			);
			dependencies = (
				7FA4B91359524C3FB90D3C76 /* PBXTargetDependency */,
				157F3E5D760843239F9D189B /* PBXTargetDependency */,
			);
			name = ALL_BUILD;
			productName = ALL_BUILD;
		};
/* End PBXAggregateTarget section */

/* Begin PBXBuildFile section */
		081D9B25675B497F8F775C71 /* /Users/bernardocohen/repos/library/cppDSA/cpp/include/cppDSA_bits/test.hpp */ = {isa = PBXBuildFile; fileRef = 5B4A3B5959014D4C81FCB8C3 /* /Users/bernardocohen/repos/library/cppDSA/cpp/include/cppDSA_bits/test.hpp */; };
		08F9353F1E1B4F318E652519 /* /Users/bernardocohen/repos/library/cppDSA/cpp/src/test.cpp */ = {isa = PBXBuildFile; fileRef = EB2C291ED61643C79F32B329 /* /Users/bernardocohen/repos/library/cppDSA/cpp/src/test.cpp */; };
		09F1EF9B198D4BDEA9DE61EF /* /Users/bernardocohen/repos/library/cppDSA/cpp/include/cppDSA_bits/node.hpp */ = {isa = PBXBuildFile; fileRef = 7782FD4856E34D1D874F0436 /* /Users/bernardocohen/repos/library/cppDSA/cpp/include/cppDSA_bits/node.hpp */; };
		13D00B5E569144E589A0D39C /* /Users/bernardocohen/repos/library/cppDSA/cpp/include/cppDSA_bits/linkedList.hpp */ = {isa = PBXBuildFile; fileRef = 36BD5BCEF17242F9B49B3C74 /* /Users/bernardocohen/repos/library/cppDSA/cpp/include/cppDSA_bits/linkedList.hpp */; };
		2FCC2319D2624114A8B462FE /* /Users/bernardocohen/repos/library/cppDSA/cpp/src/cards.cpp */ = {isa = PBXBuildFile; fileRef = 5F6BED6287E34A7487EAD4D1 /* /Users/bernardocohen/repos/library/cppDSA/cpp/src/cards.cpp */; };
		384E4B88372F456B8983CA24 /* /Users/bernardocohen/repos/library/cppDSA/cpp/CMakeLists.txt */ = {isa = PBXBuildFile; fileRef = EA29858028EE4BFFAA3994E8 /* /Users/bernardocohen/repos/library/cppDSA/cpp/CMakeLists.txt */; };
		4229BC27F32845588466CE4C /* /Users/bernardocohen/repos/library/cppDSA/cpp/include/cppDSA_bits/random.hpp */ = {isa = PBXBuildFile; fileRef = 03EBBC4665824A5D84031D0E /* /Users/bernardocohen/repos/library/cppDSA/cpp/include/cppDSA_bits/random.hpp */; };
		59E5116A59124D92AAB29DCC /* /Users/bernardocohen/repos/library/cppDSA/cpp/include/cppDSA_bits/list.hpp */ = {isa = PBXBuildFile; fileRef = 9F31651BC9284E0893441319 /* /Users/bernardocohen/repos/library/cppDSA/cpp/include/cppDSA_bits/list.hpp */; };
		61B3D165803A4313AB1C4533 /* /Users/bernardocohen/repos/library/cppDSA/cpp/src/random.cpp */ = {isa = PBXBuildFile; fileRef = A78BDDB8BEE04B4996ACED4A /* /Users/bernardocohen/repos/library/cppDSA/cpp/src/random.cpp */; };
		636EF4153023430991A308AE /* /Users/bernardocohen/repos/library/cppDSA/cpp/src/list.cpp */ = {isa = PBXBuildFile; fileRef = F4F3913E3EAB473B81160EBF /* /Users/bernardocohen/repos/library/cppDSA/cpp/src/list.cpp */; };
		82C4B42F075F444F88C00A0D /* /Users/bernardocohen/repos/library/cppDSA/cpp/include/cppDSA_bits/cards.hpp */ = {isa = PBXBuildFile; fileRef = 7AD44844532844A48E19B2B0 /* /Users/bernardocohen/repos/library/cppDSA/cpp/include/cppDSA_bits/cards.hpp */; };
		9F9A3E44B694412AAED4D960 /* /Users/bernardocohen/repos/library/cppDSA/cpp/src/node.cpp */ = {isa = PBXBuildFile; fileRef = EF920D51799443B29113A15E /* /Users/bernardocohen/repos/library/cppDSA/cpp/src/node.cpp */; };
		B5756C8B3DCC4162B7E4EE89 /* /Users/bernardocohen/repos/library/cppDSA/cpp/include/cppDSA_bits/animal.hpp */ = {isa = PBXBuildFile; fileRef = 8609AC0D2CF84233A563A13B /* /Users/bernardocohen/repos/library/cppDSA/cpp/include/cppDSA_bits/animal.hpp */; };
/* End PBXBuildFile section */

/* Begin PBXBuildStyle section */
		182744D9EC4045568DE92C5B /* Release */ = {
			isa = PBXBuildStyle;
			buildSettings = {
				COPY_PHASE_STRIP = NO;
			};
			name = Release;
		};
		8CDDFA22F12644F190D7916F /* Debug */ = {
			isa = PBXBuildStyle;
			buildSettings = {
				COPY_PHASE_STRIP = NO;
			};
			name = Debug;
		};
		CC300CBBAD634E8487CDF944 /* MinSizeRel */ = {
			isa = PBXBuildStyle;
			buildSettings = {
				COPY_PHASE_STRIP = NO;
			};
			name = MinSizeRel;
		};
		F25E2421D8F94F66AADBE823 /* RelWithDebInfo */ = {
			isa = PBXBuildStyle;
			buildSettings = {
				COPY_PHASE_STRIP = NO;
			};
			name = RelWithDebInfo;
		};
/* End PBXBuildStyle section */

/* Begin PBXContainerItemProxy section */
		4CE3F2D2C93C42B99583F6DE /* PBXContainerItemProxy */ = {
			isa = PBXContainerItemProxy;
			containerPortal = 26DC71FB46D44BFD8635B03B /* Project object */;
			proxyType = 1;
			remoteGlobalIDString = F1BC1D4CF777479881817C74;
			remoteInfo = ALL_BUILD;
		};
		93433DE3D7AC4F99AE3C46A7 /* PBXContainerItemProxy */ = {
			isa = PBXContainerItemProxy;
			containerPortal = 26DC71FB46D44BFD8635B03B /* Project object */;
			proxyType = 1;
			remoteGlobalIDString = BEE917925D0641608B286C32;
			remoteInfo = ZERO_CHECK;
		};
		E9AAEB356BE0494492294C26 /* PBXContainerItemProxy */ = {
			isa = PBXContainerItemProxy;
			containerPortal = 26DC71FB46D44BFD8635B03B /* Project object */;
			proxyType = 1;
			remoteGlobalIDString = BEE917925D0641608B286C32;
			remoteInfo = ZERO_CHECK;
		};
		EE42BEE6EC9C47019A21C333 /* PBXContainerItemProxy */ = {
			isa = PBXContainerItemProxy;
			containerPortal = 26DC71FB46D44BFD8635B03B /* Project object */;
			proxyType = 1;
			remoteGlobalIDString = B82B80C6234D4C9C8BA639A9;
			remoteInfo = cppDSA;
		};
/* End PBXContainerItemProxy section */

/* Begin PBXFileReference section */
		03EBBC4665824A5D84031D0E /* /Users/bernardocohen/repos/library/cppDSA/cpp/include/cppDSA_bits/random.hpp */ = {isa = PBXFileReference; explicitFileType = sourcecode.cpp.h; fileEncoding = 4; name = random.hpp; path = include/cppDSA_bits/random.hpp; sourceTree = SOURCE_ROOT; };
		36BD5BCEF17242F9B49B3C74 /* /Users/bernardocohen/repos/library/cppDSA/cpp/include/cppDSA_bits/linkedList.hpp */ = {isa = PBXFileReference; explicitFileType = sourcecode.cpp.h; fileEncoding = 4; name = linkedList.hpp; path = include/cppDSA_bits/linkedList.hpp; sourceTree = SOURCE_ROOT; };
		5B4A3B5959014D4C81FCB8C3 /* /Users/bernardocohen/repos/library/cppDSA/cpp/include/cppDSA_bits/test.hpp */ = {isa = PBXFileReference; explicitFileType = sourcecode.cpp.h; fileEncoding = 4; name = test.hpp; path = include/cppDSA_bits/test.hpp; sourceTree = SOURCE_ROOT; };
		5F6BED6287E34A7487EAD4D1 /* /Users/bernardocohen/repos/library/cppDSA/cpp/src/cards.cpp */ = {isa = PBXFileReference; explicitFileType = sourcecode.cpp.cpp; fileEncoding = 4; name = cards.cpp; path = src/cards.cpp; sourceTree = SOURCE_ROOT; };
		7782FD4856E34D1D874F0436 /* /Users/bernardocohen/repos/library/cppDSA/cpp/include/cppDSA_bits/node.hpp */ = {isa = PBXFileReference; explicitFileType = sourcecode.cpp.h; fileEncoding = 4; name = node.hpp; path = include/cppDSA_bits/node.hpp; sourceTree = SOURCE_ROOT; };
		7AD44844532844A48E19B2B0 /* /Users/bernardocohen/repos/library/cppDSA/cpp/include/cppDSA_bits/cards.hpp */ = {isa = PBXFileReference; explicitFileType = sourcecode.cpp.h; fileEncoding = 4; name = cards.hpp; path = include/cppDSA_bits/cards.hpp; sourceTree = SOURCE_ROOT; };
		8609AC0D2CF84233A563A13B /* /Users/bernardocohen/repos/library/cppDSA/cpp/include/cppDSA_bits/animal.hpp */ = {isa = PBXFileReference; explicitFileType = sourcecode.cpp.h; fileEncoding = 4; name = animal.hpp; path = include/cppDSA_bits/animal.hpp; sourceTree = SOURCE_ROOT; };
		9F31651BC9284E0893441319 /* /Users/bernardocohen/repos/library/cppDSA/cpp/include/cppDSA_bits/list.hpp */ = {isa = PBXFileReference; explicitFileType = sourcecode.cpp.h; fileEncoding = 4; name = list.hpp; path = include/cppDSA_bits/list.hpp; sourceTree = SOURCE_ROOT; };
		9FC146558DA540E3A60C4481 /* cppDSA */ = {isa = PBXFileReference; explicitFileType = "compiled.mach-o.dylib"; path = libcppDSA.dylib; sourceTree = BUILT_PRODUCTS_DIR; };
		A78BDDB8BEE04B4996ACED4A /* /Users/bernardocohen/repos/library/cppDSA/cpp/src/random.cpp */ = {isa = PBXFileReference; explicitFileType = sourcecode.cpp.cpp; fileEncoding = 4; name = random.cpp; path = src/random.cpp; sourceTree = SOURCE_ROOT; };
		C5CD2B45CED8494CAA1EDC1B /* /Users/bernardocohen/repos/library/cppDSA/cpp/CMakeLists.txt */ = {isa = PBXFileReference; explicitFileType = sourcecode.text; fileEncoding = 4; name = CMakeLists.txt; path = CMakeLists.txt; sourceTree = SOURCE_ROOT; };
		EA29858028EE4BFFAA3994E8 /* /Users/bernardocohen/repos/library/cppDSA/cpp/CMakeLists.txt */ = {isa = PBXFileReference; explicitFileType = sourcecode.text; fileEncoding = 4; name = CMakeLists.txt; path = CMakeLists.txt; sourceTree = SOURCE_ROOT; };
		EB2C291ED61643C79F32B329 /* /Users/bernardocohen/repos/library/cppDSA/cpp/src/test.cpp */ = {isa = PBXFileReference; explicitFileType = sourcecode.cpp.cpp; fileEncoding = 4; name = test.cpp; path = src/test.cpp; sourceTree = SOURCE_ROOT; };
		EF920D51799443B29113A15E /* /Users/bernardocohen/repos/library/cppDSA/cpp/src/node.cpp */ = {isa = PBXFileReference; explicitFileType = sourcecode.cpp.cpp; fileEncoding = 4; name = node.cpp; path = src/node.cpp; sourceTree = SOURCE_ROOT; };
		F4F3913E3EAB473B81160EBF /* /Users/bernardocohen/repos/library/cppDSA/cpp/src/list.cpp */ = {isa = PBXFileReference; explicitFileType = sourcecode.cpp.cpp; fileEncoding = 4; name = list.cpp; path = src/list.cpp; sourceTree = SOURCE_ROOT; };
/* End PBXFileReference section */

/* Begin PBXFrameworksBuildPhase section */
		950708FF19D946539DD72D92 /* Frameworks */ = {
			isa = PBXFrameworksBuildPhase;
			buildActionMask = 2147483647;
			files = (
			);
			runOnlyForDeploymentPostprocessing = 0;
		};
/* End PBXFrameworksBuildPhase section */

/* Begin PBXGroup section */
		0CD92F43A1C84481845A2B4C /* Products */ = {
			isa = PBXGroup;
			children = (
				9FC146558DA540E3A60C4481 /* cppDSA */,
			);
			name = Products;
			sourceTree = "<group>";
		};
		13D94C3AC75A4A62AAB32906 /* ALL_BUILD */ = {
			isa = PBXGroup;
			children = (
				89DCAE55118746C5AD68C2C5 /* CMake Rules */,
				C5CD2B45CED8494CAA1EDC1B /* /Users/bernardocohen/repos/library/cppDSA/cpp/CMakeLists.txt */,
			);
			name = ALL_BUILD;
			sourceTree = "<group>";
		};
		1728D88F3E7D485596E7E36E = {
			isa = PBXGroup;
			children = (
				47DCB678A51C4996BE0119FC /* cppDSA */,
				13D94C3AC75A4A62AAB32906 /* ALL_BUILD */,
				0CD92F43A1C84481845A2B4C /* Products */,
				A290F8A75C51475A88D928C5 /* Frameworks */,
			);
			sourceTree = "<group>";
		};
		2F2C20290E704CDEA7D02C44 /* include */ = {
			isa = PBXGroup;
			children = (
				326B9A9E95F6441DA6288A41 /* cppDSA_bits */,
			);
			name = include;
			sourceTree = "<group>";
		};
		326B9A9E95F6441DA6288A41 /* cppDSA_bits */ = {
			isa = PBXGroup;
			children = (
				8609AC0D2CF84233A563A13B /* /Users/bernardocohen/repos/library/cppDSA/cpp/include/cppDSA_bits/animal.hpp */,
				7AD44844532844A48E19B2B0 /* /Users/bernardocohen/repos/library/cppDSA/cpp/include/cppDSA_bits/cards.hpp */,
				36BD5BCEF17242F9B49B3C74 /* /Users/bernardocohen/repos/library/cppDSA/cpp/include/cppDSA_bits/linkedList.hpp */,
				9F31651BC9284E0893441319 /* /Users/bernardocohen/repos/library/cppDSA/cpp/include/cppDSA_bits/list.hpp */,
				7782FD4856E34D1D874F0436 /* /Users/bernardocohen/repos/library/cppDSA/cpp/include/cppDSA_bits/node.hpp */,
				03EBBC4665824A5D84031D0E /* /Users/bernardocohen/repos/library/cppDSA/cpp/include/cppDSA_bits/random.hpp */,
				5B4A3B5959014D4C81FCB8C3 /* /Users/bernardocohen/repos/library/cppDSA/cpp/include/cppDSA_bits/test.hpp */,
			);
			name = cppDSA_bits;
			sourceTree = "<group>";
		};
		47DCB678A51C4996BE0119FC /* cppDSA */ = {
			isa = PBXGroup;
			children = (
				2F2C20290E704CDEA7D02C44 /* include */,
				D22AEEA19F31443A8D92FEF2 /* src */,
				EA29858028EE4BFFAA3994E8 /* /Users/bernardocohen/repos/library/cppDSA/cpp/CMakeLists.txt */,
			);
			name = cppDSA;
			sourceTree = "<group>";
		};
		89DCAE55118746C5AD68C2C5 /* CMake Rules */ = {
			isa = PBXGroup;
			children = (
			);
			name = "CMake Rules";
			sourceTree = "<group>";
		};
		A290F8A75C51475A88D928C5 /* Frameworks */ = {
			isa = PBXGroup;
			children = (
			);
			name = Frameworks;
			sourceTree = "<group>";
		};
		D22AEEA19F31443A8D92FEF2 /* src */ = {
			isa = PBXGroup;
			children = (
				5F6BED6287E34A7487EAD4D1 /* /Users/bernardocohen/repos/library/cppDSA/cpp/src/cards.cpp */,
				F4F3913E3EAB473B81160EBF /* /Users/bernardocohen/repos/library/cppDSA/cpp/src/list.cpp */,
				EF920D51799443B29113A15E /* /Users/bernardocohen/repos/library/cppDSA/cpp/src/node.cpp */,
				A78BDDB8BEE04B4996ACED4A /* /Users/bernardocohen/repos/library/cppDSA/cpp/src/random.cpp */,
				EB2C291ED61643C79F32B329 /* /Users/bernardocohen/repos/library/cppDSA/cpp/src/test.cpp */,
			);
			name = src;
			sourceTree = "<group>";
		};
/* End PBXGroup section */

/* Begin PBXNativeTarget section */
		B82B80C6234D4C9C8BA639A9 /* cppDSA */ = {
			isa = PBXNativeTarget;
			buildConfigurationList = B15C877470504BF79823500A /* Build configuration list for PBXNativeTarget "cppDSA" */;
			buildPhases = (
				FFDA1DD3B3014ADFB2AE0122 /* Sources */,
				950708FF19D946539DD72D92 /* Frameworks */,
				DAC46604BA5293C4166BE761 /* CMake PostBuild Rules */,
			);
			buildRules = (
			);
			dependencies = (
				C59874C523AC4E86857F1597 /* PBXTargetDependency */,
			);
			name = cppDSA;
			productName = cppDSA;
			productReference = 9FC146558DA540E3A60C4481 /* cppDSA */;
			productType = "com.apple.product-type.library.dynamic";
		};
/* End PBXNativeTarget section */

/* Begin PBXProject section */
		26DC71FB46D44BFD8635B03B /* Project object */ = {
			isa = PBXProject;
			attributes = {
				BuildIndependentTargetsInParallel = YES;
				LastUpgradeCheck = 1330;
			};
			buildConfigurationList = 678AC86E47FF489A9136093F /* Build configuration list for PBXProject "cppDSA" */;
			buildSettings = {
			};
			buildStyles = (
				8CDDFA22F12644F190D7916F /* Debug */,
				182744D9EC4045568DE92C5B /* Release */,
				CC300CBBAD634E8487CDF944 /* MinSizeRel */,
				F25E2421D8F94F66AADBE823 /* RelWithDebInfo */,
			);
			compatibilityVersion = "Xcode 3.2";
			hasScannedForEncodings = 0;
			mainGroup = 1728D88F3E7D485596E7E36E;
			projectDirPath = ../;
			projectRoot = "";
			targets = (
				F1BC1D4CF777479881817C74 /* ALL_BUILD */,
				BEE917925D0641608B286C32 /* ZERO_CHECK */,
				B82B80C6234D4C9C8BA639A9 /* cppDSA */,
				CD8D9E55D5224307B45E052F /* install */,
			);
		};
/* End PBXProject section */

/* Begin PBXShellScriptBuildPhase section */
		3C0110FC8322DE7E50886E21 = {
			isa = PBXShellScriptBuildPhase;
			buildActionMask = 2147483647;
			files = (
			);
			inputPaths = (
			);
			outputPaths = (
			);
			runOnlyForDeploymentPostprocessing = 0;
			shellPath = /bin/sh;
			shellScript = "# shell script goes here
exit 0";
			showEnvVarsInLog = 0;
		};
		459915F168814BE83B7E053D /* Generate CMakeFiles/ZERO_CHECK */ = {
			isa = PBXShellScriptBuildPhase;
			alwaysOutOfDate = 1;
			buildActionMask = 2147483647;
			files = (
			);
			inputPaths = (
			);
			name = "Generate CMakeFiles/ZERO_CHECK";
			outputPaths = (
/Users/bernardocohen/repos/library/cppDSA/cpp/XCode/CMakeFiles/ZERO_CHECK			);
			runOnlyForDeploymentPostprocessing = 0;
			shellPath = /bin/sh;
			shellScript = "set -e
if test \"$CONFIGURATION\" = \"Debug\"; then :
  cd /Users/bernardocohen/repos/library/cppDSA/cpp/XCode
  make -f /Users/bernardocohen/repos/library/cppDSA/cpp/XCode/CMakeScripts/ReRunCMake.make
fi
if test \"$CONFIGURATION\" = \"Release\"; then :
  cd /Users/bernardocohen/repos/library/cppDSA/cpp/XCode
  make -f /Users/bernardocohen/repos/library/cppDSA/cpp/XCode/CMakeScripts/ReRunCMake.make
fi
if test \"$CONFIGURATION\" = \"MinSizeRel\"; then :
  cd /Users/bernardocohen/repos/library/cppDSA/cpp/XCode
  make -f /Users/bernardocohen/repos/library/cppDSA/cpp/XCode/CMakeScripts/ReRunCMake.make
fi
if test \"$CONFIGURATION\" = \"RelWithDebInfo\"; then :
  cd /Users/bernardocohen/repos/library/cppDSA/cpp/XCode
  make -f /Users/bernardocohen/repos/library/cppDSA/cpp/XCode/CMakeScripts/ReRunCMake.make
fi
";
			showEnvVarsInLog = 0;
		};
		87AF4882E018677E2624B544 = {
			isa = PBXShellScriptBuildPhase;
			buildActionMask = 2147483647;
			files = (
			);
			inputPaths = (
			);
			outputPaths = (
			);
			runOnlyForDeploymentPostprocessing = 0;
			shellPath = /bin/sh;
			shellScript = "# shell script goes here
exit 0";
			showEnvVarsInLog = 0;
		};
		93426DA6A4AC2C2AC9CE883C /* CMake PostBuild Rules */ = {
			isa = PBXShellScriptBuildPhase;
			alwaysOutOfDate = 1;
			buildActionMask = 2147483647;
			files = (
			);
			name = "CMake PostBuild Rules";
			outputPaths = (
			);
			runOnlyForDeploymentPostprocessing = 0;
			shellPath = /bin/sh;
			shellScript = "set -e
if test \"$CONFIGURATION\" = \"Debug\"; then :
  cd /Users/bernardocohen/repos/library/cppDSA/cpp/XCode
  /usr/local/Cellar/cmake/3.22.0/bin/cmake -DBUILD_TYPE=$CONFIGURATION$EFFECTIVE_PLATFORM_NAME -P cmake_install.cmake
fi
if test \"$CONFIGURATION\" = \"Release\"; then :
  cd /Users/bernardocohen/repos/library/cppDSA/cpp/XCode
  /usr/local/Cellar/cmake/3.22.0/bin/cmake -DBUILD_TYPE=$CONFIGURATION$EFFECTIVE_PLATFORM_NAME -P cmake_install.cmake
fi
if test \"$CONFIGURATION\" = \"MinSizeRel\"; then :
  cd /Users/bernardocohen/repos/library/cppDSA/cpp/XCode
  /usr/local/Cellar/cmake/3.22.0/bin/cmake -DBUILD_TYPE=$CONFIGURATION$EFFECTIVE_PLATFORM_NAME -P cmake_install.cmake
fi
if test \"$CONFIGURATION\" = \"RelWithDebInfo\"; then :
  cd /Users/bernardocohen/repos/library/cppDSA/cpp/XCode
  /usr/local/Cellar/cmake/3.22.0/bin/cmake -DBUILD_TYPE=$CONFIGURATION$EFFECTIVE_PLATFORM_NAME -P cmake_install.cmake
fi
";
			showEnvVarsInLog = 0;
		};
		9B50530E35CC49C82C2FACCF = {
			isa = PBXShellScriptBuildPhase;
			buildActionMask = 2147483647;
			files = (
			);
			inputPaths = (
			);
			outputPaths = (
			);
			runOnlyForDeploymentPostprocessing = 0;
			shellPath = /bin/sh;
			shellScript = "# shell script goes here
exit 0";
			showEnvVarsInLog = 0;
		};
		B8EFF0638168BF77385C05DF /* Generate CMakeFiles/ALL_BUILD */ = {
			isa = PBXShellScriptBuildPhase;
			alwaysOutOfDate = 1;
			buildActionMask = 2147483647;
			files = (
			);
			inputPaths = (
			);
			name = "Generate CMakeFiles/ALL_BUILD";
			outputPaths = (
/Users/bernardocohen/repos/library/cppDSA/cpp/XCode/CMakeFiles/ALL_BUILD			);
			runOnlyForDeploymentPostprocessing = 0;
			shellPath = /bin/sh;
			shellScript = "set -e
if test \"$CONFIGURATION\" = \"Debug\"; then :
  cd /Users/bernardocohen/repos/library/cppDSA/cpp/XCode
  echo Build\\ all\\ projects
fi
if test \"$CONFIGURATION\" = \"Release\"; then :
  cd /Users/bernardocohen/repos/library/cppDSA/cpp/XCode
  echo Build\\ all\\ projects
fi
if test \"$CONFIGURATION\" = \"MinSizeRel\"; then :
  cd /Users/bernardocohen/repos/library/cppDSA/cpp/XCode
  echo Build\\ all\\ projects
fi
if test \"$CONFIGURATION\" = \"RelWithDebInfo\"; then :
  cd /Users/bernardocohen/repos/library/cppDSA/cpp/XCode
  echo Build\\ all\\ projects
fi
";
			showEnvVarsInLog = 0;
		};
		DAC46604BA5293C4166BE761 /* CMake PostBuild Rules */ = {
			isa = PBXShellScriptBuildPhase;
			alwaysOutOfDate = 1;
			buildActionMask = 2147483647;
			files = (
			);
			name = "CMake PostBuild Rules";
			outputPaths = (
			);
			runOnlyForDeploymentPostprocessing = 0;
			shellPath = /bin/sh;
			shellScript = "set -e
if test \"$CONFIGURATION\" = \"Debug\"; then :
  cd /Users/bernardocohen/repos/library/cppDSA/cpp/XCode
  /usr/local/Cellar/cmake/3.22.0/bin/cmake -E cmake_symlink_library /Users/bernardocohen/repos/library/cppDSA/cpp/XCode/Debug/libcppDSA.dylib /Users/bernardocohen/repos/library/cppDSA/cpp/XCode/Debug/libcppDSA.dylib /Users/bernardocohen/repos/library/cppDSA/cpp/XCode/Debug/libcppDSA.dylib
fi
if test \"$CONFIGURATION\" = \"Release\"; then :
  cd /Users/bernardocohen/repos/library/cppDSA/cpp/XCode
  /usr/local/Cellar/cmake/3.22.0/bin/cmake -E cmake_symlink_library /Users/bernardocohen/repos/library/cppDSA/cpp/XCode/Release/libcppDSA.dylib /Users/bernardocohen/repos/library/cppDSA/cpp/XCode/Release/libcppDSA.dylib /Users/bernardocohen/repos/library/cppDSA/cpp/XCode/Release/libcppDSA.dylib
fi
if test \"$CONFIGURATION\" = \"MinSizeRel\"; then :
  cd /Users/bernardocohen/repos/library/cppDSA/cpp/XCode
  /usr/local/Cellar/cmake/3.22.0/bin/cmake -E cmake_symlink_library /Users/bernardocohen/repos/library/cppDSA/cpp/XCode/MinSizeRel/libcppDSA.dylib /Users/bernardocohen/repos/library/cppDSA/cpp/XCode/MinSizeRel/libcppDSA.dylib /Users/bernardocohen/repos/library/cppDSA/cpp/XCode/MinSizeRel/libcppDSA.dylib
fi
if test \"$CONFIGURATION\" = \"RelWithDebInfo\"; then :
  cd /Users/bernardocohen/repos/library/cppDSA/cpp/XCode
  /usr/local/Cellar/cmake/3.22.0/bin/cmake -E cmake_symlink_library /Users/bernardocohen/repos/library/cppDSA/cpp/XCode/RelWithDebInfo/libcppDSA.dylib /Users/bernardocohen/repos/library/cppDSA/cpp/XCode/RelWithDebInfo/libcppDSA.dylib /Users/bernardocohen/repos/library/cppDSA/cpp/XCode/RelWithDebInfo/libcppDSA.dylib
fi
";
			showEnvVarsInLog = 0;
		};
/* End PBXShellScriptBuildPhase section */

/* Begin PBXSourcesBuildPhase section */
		FFDA1DD3B3014ADFB2AE0122 /* Sources */ = {
			isa = PBXSourcesBuildPhase;
			buildActionMask = 2147483647;
			files = (
				2FCC2319D2624114A8B462FE /* /Users/bernardocohen/repos/library/cppDSA/cpp/src/cards.cpp */,
				636EF4153023430991A308AE /* /Users/bernardocohen/repos/library/cppDSA/cpp/src/list.cpp */,
				9F9A3E44B694412AAED4D960 /* /Users/bernardocohen/repos/library/cppDSA/cpp/src/node.cpp */,
				61B3D165803A4313AB1C4533 /* /Users/bernardocohen/repos/library/cppDSA/cpp/src/random.cpp */,
				08F9353F1E1B4F318E652519 /* /Users/bernardocohen/repos/library/cppDSA/cpp/src/test.cpp */,
			);
			runOnlyForDeploymentPostprocessing = 0;
		};
/* End PBXSourcesBuildPhase section */

/* Begin PBXTargetDependency section */
		157F3E5D760843239F9D189B /* PBXTargetDependency */ = {
			isa = PBXTargetDependency;
			target = BEE917925D0641608B286C32 /* ZERO_CHECK */;
			targetProxy = 93433DE3D7AC4F99AE3C46A7 /* PBXContainerItemProxy */;
		};
		7FA4B91359524C3FB90D3C76 /* PBXTargetDependency */ = {
			isa = PBXTargetDependency;
			target = B82B80C6234D4C9C8BA639A9 /* cppDSA */;
			targetProxy = EE42BEE6EC9C47019A21C333 /* PBXContainerItemProxy */;
		};
		7FEA57C08024486EB36A3096 /* PBXTargetDependency */ = {
			isa = PBXTargetDependency;
			target = F1BC1D4CF777479881817C74 /* ALL_BUILD */;
			targetProxy = 4CE3F2D2C93C42B99583F6DE /* PBXContainerItemProxy */;
		};
		C59874C523AC4E86857F1597 /* PBXTargetDependency */ = {
			isa = PBXTargetDependency;
			target = BEE917925D0641608B286C32 /* ZERO_CHECK */;
			targetProxy = E9AAEB356BE0494492294C26 /* PBXContainerItemProxy */;
		};
/* End PBXTargetDependency section */

/* Begin XCBuildConfiguration section */
		0181D92D354F4D9B87DA40AD /* Debug */ = {
			isa = XCBuildConfiguration;
			buildSettings = {
				COMBINE_HIDPI_IMAGES = YES;
				GCC_GENERATE_DEBUGGING_SYMBOLS = YES;
				GCC_INLINES_ARE_PRIVATE_EXTERN = NO;
				GCC_OPTIMIZATION_LEVEL = 0;
				GCC_PREPROCESSOR_DEFINITIONS = ("'CMAKE_INTDIR=\"$(CONFIGURATION)$(EFFECTIVE_PLATFORM_NAME)\"'","$(inherited)");
				GCC_SYMBOLS_PRIVATE_EXTERN = NO;
				INSTALL_PATH = "";
				OTHER_LDFLAGS = ("","$(inherited)");
				OTHER_REZFLAGS = "";
				PRODUCT_NAME = install;
				SECTORDER_FLAGS = "";
				SYMROOT = /Users/bernardocohen/repos/library/cppDSA/cpp/XCode;
				USE_HEADERMAP = NO;
				WARNING_CFLAGS = ("$(inherited)");
			};
			name = Debug;
		};
		0409C7F1C2BF4088B64ADA6F /* RelWithDebInfo */ = {
			isa = XCBuildConfiguration;
			buildSettings = {
				COMBINE_HIDPI_IMAGES = YES;
				DYLIB_COMPATIBILITY_VERSION = "";
				DYLIB_CURRENT_VERSION = "";
				EXECUTABLE_PREFIX = lib;
				EXECUTABLE_SUFFIX = .dylib;
				GCC_GENERATE_DEBUGGING_SYMBOLS = YES;
				GCC_INLINES_ARE_PRIVATE_EXTERN = NO;
				GCC_OPTIMIZATION_LEVEL = 2;
				GCC_PREPROCESSOR_DEFINITIONS = ("'CMAKE_INTDIR=\"$(CONFIGURATION)$(EFFECTIVE_PLATFORM_NAME)\"'",cppDSA_EXPORTS,"$(inherited)");
				GCC_SYMBOLS_PRIVATE_EXTERN = NO;
				HEADER_SEARCH_PATHS = (/usr/local/include,/Users/bernardocohen/repos/library/cppDSA/cpp/include/cppDSA_bits,"$(inherited)");
				INSTALL_PATH = "@rpath";
				LIBRARY_STYLE = DYNAMIC;
				OTHER_CPLUSPLUSFLAGS = "       -DNDEBUG -fPIC '-std=c++17' ";
				OTHER_LDFLAGS = (" -dynamiclib -Wl,-headerpad_max_install_names","$(inherited)");
				OTHER_REZFLAGS = "";
				PRODUCT_NAME = cppDSA;
				SECTORDER_FLAGS = "";
				SYMROOT = /Users/bernardocohen/repos/library/cppDSA/cpp/XCode;
				USE_HEADERMAP = NO;
				WARNING_CFLAGS = ("$(inherited)");
			};
			name = RelWithDebInfo;
		};
		0C04DC6E48A64D32ACF35AF0 /* Debug */ = {
			isa = XCBuildConfiguration;
			buildSettings = {
				COMBINE_HIDPI_IMAGES = YES;
				GCC_GENERATE_DEBUGGING_SYMBOLS = YES;
				GCC_INLINES_ARE_PRIVATE_EXTERN = NO;
				GCC_OPTIMIZATION_LEVEL = 0;
				GCC_PREPROCESSOR_DEFINITIONS = ("'CMAKE_INTDIR=\"$(CONFIGURATION)$(EFFECTIVE_PLATFORM_NAME)\"'","$(inherited)");
				GCC_SYMBOLS_PRIVATE_EXTERN = NO;
				INSTALL_PATH = "";
				OTHER_LDFLAGS = ("","$(inherited)");
				OTHER_REZFLAGS = "";
				PRODUCT_NAME = ALL_BUILD;
				SECTORDER_FLAGS = "";
				SYMROOT = /Users/bernardocohen/repos/library/cppDSA/cpp/XCode;
				USE_HEADERMAP = NO;
				WARNING_CFLAGS = ("$(inherited)");
			};
			name = Debug;
		};
		0CBB202206E042A88614CEE7 /* Debug */ = {
			isa = XCBuildConfiguration;
			buildSettings = {
				COMBINE_HIDPI_IMAGES = YES;
				GCC_GENERATE_DEBUGGING_SYMBOLS = YES;
				GCC_INLINES_ARE_PRIVATE_EXTERN = NO;
				GCC_OPTIMIZATION_LEVEL = 0;
				GCC_PREPROCESSOR_DEFINITIONS = ("'CMAKE_INTDIR=\"$(CONFIGURATION)$(EFFECTIVE_PLATFORM_NAME)\"'","$(inherited)");
				GCC_SYMBOLS_PRIVATE_EXTERN = NO;
				INSTALL_PATH = "";
				OTHER_LDFLAGS = ("","$(inherited)");
				OTHER_REZFLAGS = "";
				PRODUCT_NAME = ZERO_CHECK;
				SECTORDER_FLAGS = "";
				SYMROOT = /Users/bernardocohen/repos/library/cppDSA/cpp/XCode;
				USE_HEADERMAP = NO;
				WARNING_CFLAGS = ("$(inherited)");
			};
			name = Debug;
		};
		38230F9DC10340BD9EA68197 /* MinSizeRel */ = {
			isa = XCBuildConfiguration;
			buildSettings = {
				COMBINE_HIDPI_IMAGES = YES;
				GCC_GENERATE_DEBUGGING_SYMBOLS = YES;
				GCC_INLINES_ARE_PRIVATE_EXTERN = NO;
				GCC_OPTIMIZATION_LEVEL = 0;
				GCC_PREPROCESSOR_DEFINITIONS = ("'CMAKE_INTDIR=\"$(CONFIGURATION)$(EFFECTIVE_PLATFORM_NAME)\"'","$(inherited)");
				GCC_SYMBOLS_PRIVATE_EXTERN = NO;
				INSTALL_PATH = "";
				OTHER_LDFLAGS = ("","$(inherited)");
				OTHER_REZFLAGS = "";
				PRODUCT_NAME = ZERO_CHECK;
				SECTORDER_FLAGS = "";
				SYMROOT = /Users/bernardocohen/repos/library/cppDSA/cpp/XCode;
				USE_HEADERMAP = NO;
				WARNING_CFLAGS = ("$(inherited)");
			};
			name = MinSizeRel;
		};
		46CB6F48B7D0432394E9646A /* MinSizeRel */ = {
			isa = XCBuildConfiguration;
			buildSettings = {
				COMBINE_HIDPI_IMAGES = YES;
				GCC_GENERATE_DEBUGGING_SYMBOLS = YES;
				GCC_INLINES_ARE_PRIVATE_EXTERN = NO;
				GCC_OPTIMIZATION_LEVEL = 0;
				GCC_PREPROCESSOR_DEFINITIONS = ("'CMAKE_INTDIR=\"$(CONFIGURATION)$(EFFECTIVE_PLATFORM_NAME)\"'","$(inherited)");
				GCC_SYMBOLS_PRIVATE_EXTERN = NO;
				INSTALL_PATH = "";
				OTHER_LDFLAGS = ("","$(inherited)");
				OTHER_REZFLAGS = "";
				PRODUCT_NAME = ALL_BUILD;
				SECTORDER_FLAGS = "";
				SYMROOT = /Users/bernardocohen/repos/library/cppDSA/cpp/XCode;
				USE_HEADERMAP = NO;
				WARNING_CFLAGS = ("$(inherited)");
			};
			name = MinSizeRel;
		};
		71D990F8C65C4153AAD0D5FD /* RelWithDebInfo */ = {
			isa = XCBuildConfiguration;
			buildSettings = {
				COMBINE_HIDPI_IMAGES = YES;
				GCC_GENERATE_DEBUGGING_SYMBOLS = YES;
				GCC_INLINES_ARE_PRIVATE_EXTERN = NO;
				GCC_OPTIMIZATION_LEVEL = 0;
				GCC_PREPROCESSOR_DEFINITIONS = ("'CMAKE_INTDIR=\"$(CONFIGURATION)$(EFFECTIVE_PLATFORM_NAME)\"'","$(inherited)");
				GCC_SYMBOLS_PRIVATE_EXTERN = NO;
				INSTALL_PATH = "";
				OTHER_LDFLAGS = ("","$(inherited)");
				OTHER_REZFLAGS = "";
				PRODUCT_NAME = install;
				SECTORDER_FLAGS = "";
				SYMROOT = /Users/bernardocohen/repos/library/cppDSA/cpp/XCode;
				USE_HEADERMAP = NO;
				WARNING_CFLAGS = ("$(inherited)");
			};
			name = RelWithDebInfo;
		};
		7B1ABB323AE24969881DED01 /* Release */ = {
			isa = XCBuildConfiguration;
			buildSettings = {
				COMBINE_HIDPI_IMAGES = YES;
				GCC_GENERATE_DEBUGGING_SYMBOLS = YES;
				GCC_INLINES_ARE_PRIVATE_EXTERN = NO;
				GCC_OPTIMIZATION_LEVEL = 0;
				GCC_PREPROCESSOR_DEFINITIONS = ("'CMAKE_INTDIR=\"$(CONFIGURATION)$(EFFECTIVE_PLATFORM_NAME)\"'","$(inherited)");
				GCC_SYMBOLS_PRIVATE_EXTERN = NO;
				INSTALL_PATH = "";
				OTHER_LDFLAGS = ("","$(inherited)");
				OTHER_REZFLAGS = "";
				PRODUCT_NAME = ZERO_CHECK;
				SECTORDER_FLAGS = "";
				SYMROOT = /Users/bernardocohen/repos/library/cppDSA/cpp/XCode;
				USE_HEADERMAP = NO;
				WARNING_CFLAGS = ("$(inherited)");
			};
			name = Release;
		};
		8556CC429E3A4B089D8AD104 /* MinSizeRel */ = {
			isa = XCBuildConfiguration;
			buildSettings = {
				ARCHS = "$(NATIVE_ARCH_ACTUAL)";
				ONLY_ACTIVE_ARCH = YES;
				SDKROOT = /Applications/Xcode.app/Contents/Developer/Platforms/MacOSX.platform/Developer/SDKs/MacOSX12.3.sdk;
				SYMROOT = /Users/bernardocohen/repos/library/cppDSA/cpp/XCode/build;
			};
			name = MinSizeRel;
		};
		86E403F579294F1B9202DCD6 /* Debug */ = {
			isa = XCBuildConfiguration;
			buildSettings = {
				COMBINE_HIDPI_IMAGES = YES;
				DYLIB_COMPATIBILITY_VERSION = "";
				DYLIB_CURRENT_VERSION = "";
				EXECUTABLE_PREFIX = lib;
				EXECUTABLE_SUFFIX = .dylib;
				GCC_GENERATE_DEBUGGING_SYMBOLS = YES;
				GCC_INLINES_ARE_PRIVATE_EXTERN = NO;
				GCC_OPTIMIZATION_LEVEL = 0;
				GCC_PREPROCESSOR_DEFINITIONS = ("'CMAKE_INTDIR=\"$(CONFIGURATION)$(EFFECTIVE_PLATFORM_NAME)\"'",cppDSA_EXPORTS,"$(inherited)");
				GCC_SYMBOLS_PRIVATE_EXTERN = NO;
				HEADER_SEARCH_PATHS = (/usr/local/include,/Users/bernardocohen/repos/library/cppDSA/cpp/include/cppDSA_bits,"$(inherited)");
				INSTALL_PATH = "@rpath";
				LIBRARY_STYLE = DYNAMIC;
				OTHER_CPLUSPLUSFLAGS = "   -fPIC '-std=c++17' ";
				OTHER_LDFLAGS = (" -dynamiclib -Wl,-headerpad_max_install_names","$(inherited)");
				OTHER_REZFLAGS = "";
				PRODUCT_NAME = cppDSA;
				SECTORDER_FLAGS = "";
				SYMROOT = /Users/bernardocohen/repos/library/cppDSA/cpp/XCode;
				USE_HEADERMAP = NO;
				WARNING_CFLAGS = ("$(inherited)");
			};
			name = Debug;
		};
		915399A1712140A8938E4EF1 /* Release */ = {
			isa = XCBuildConfiguration;
			buildSettings = {
				COMBINE_HIDPI_IMAGES = YES;
				GCC_GENERATE_DEBUGGING_SYMBOLS = YES;
				GCC_INLINES_ARE_PRIVATE_EXTERN = NO;
				GCC_OPTIMIZATION_LEVEL = 0;
				GCC_PREPROCESSOR_DEFINITIONS = ("'CMAKE_INTDIR=\"$(CONFIGURATION)$(EFFECTIVE_PLATFORM_NAME)\"'","$(inherited)");
				GCC_SYMBOLS_PRIVATE_EXTERN = NO;
				INSTALL_PATH = "";
				OTHER_LDFLAGS = ("","$(inherited)");
				OTHER_REZFLAGS = "";
				PRODUCT_NAME = install;
				SECTORDER_FLAGS = "";
				SYMROOT = /Users/bernardocohen/repos/library/cppDSA/cpp/XCode;
				USE_HEADERMAP = NO;
				WARNING_CFLAGS = ("$(inherited)");
			};
			name = Release;
		};
		AD2E1EC4929F40598189B7FC /* Release */ = {
			isa = XCBuildConfiguration;
			buildSettings = {
				COMBINE_HIDPI_IMAGES = YES;
				DYLIB_COMPATIBILITY_VERSION = "";
				DYLIB_CURRENT_VERSION = "";
				EXECUTABLE_PREFIX = lib;
				EXECUTABLE_SUFFIX = .dylib;
				GCC_GENERATE_DEBUGGING_SYMBOLS = NO;
				GCC_INLINES_ARE_PRIVATE_EXTERN = NO;
				GCC_OPTIMIZATION_LEVEL = 3;
				GCC_PREPROCESSOR_DEFINITIONS = ("'CMAKE_INTDIR=\"$(CONFIGURATION)$(EFFECTIVE_PLATFORM_NAME)\"'",cppDSA_EXPORTS,"$(inherited)");
				GCC_SYMBOLS_PRIVATE_EXTERN = NO;
				HEADER_SEARCH_PATHS = (/usr/local/include,/Users/bernardocohen/repos/library/cppDSA/cpp/include/cppDSA_bits,"$(inherited)");
				INSTALL_PATH = "@rpath";
				LIBRARY_STYLE = DYNAMIC;
				OTHER_CPLUSPLUSFLAGS = "    -DNDEBUG -fPIC '-std=c++17' ";
				OTHER_LDFLAGS = (" -dynamiclib -Wl,-headerpad_max_install_names","$(inherited)");
				OTHER_REZFLAGS = "";
				PRODUCT_NAME = cppDSA;
				SECTORDER_FLAGS = "";
				SYMROOT = /Users/bernardocohen/repos/library/cppDSA/cpp/XCode;
				USE_HEADERMAP = NO;
				WARNING_CFLAGS = ("$(inherited)");
			};
			name = Release;
		};
		CD93C50C6EAA48C394FC03EF /* RelWithDebInfo */ = {
			isa = XCBuildConfiguration;
			buildSettings = {
				ARCHS = "$(NATIVE_ARCH_ACTUAL)";
				ONLY_ACTIVE_ARCH = YES;
				SDKROOT = /Applications/Xcode.app/Contents/Developer/Platforms/MacOSX.platform/Developer/SDKs/MacOSX12.3.sdk;
				SYMROOT = /Users/bernardocohen/repos/library/cppDSA/cpp/XCode/build;
			};
			name = RelWithDebInfo;
		};
		D16843901E4947D0896E80AB /* RelWithDebInfo */ = {
			isa = XCBuildConfiguration;
			buildSettings = {
				COMBINE_HIDPI_IMAGES = YES;
				GCC_GENERATE_DEBUGGING_SYMBOLS = YES;
				GCC_INLINES_ARE_PRIVATE_EXTERN = NO;
				GCC_OPTIMIZATION_LEVEL = 0;
				GCC_PREPROCESSOR_DEFINITIONS = ("'CMAKE_INTDIR=\"$(CONFIGURATION)$(EFFECTIVE_PLATFORM_NAME)\"'","$(inherited)");
				GCC_SYMBOLS_PRIVATE_EXTERN = NO;
				INSTALL_PATH = "";
				OTHER_LDFLAGS = ("","$(inherited)");
				OTHER_REZFLAGS = "";
				PRODUCT_NAME = ZERO_CHECK;
				SECTORDER_FLAGS = "";
				SYMROOT = /Users/bernardocohen/repos/library/cppDSA/cpp/XCode;
				USE_HEADERMAP = NO;
				WARNING_CFLAGS = ("$(inherited)");
			};
			name = RelWithDebInfo;
		};
		D49B6A8BAB544558B1E3166D /* RelWithDebInfo */ = {
			isa = XCBuildConfiguration;
			buildSettings = {
				COMBINE_HIDPI_IMAGES = YES;
				GCC_GENERATE_DEBUGGING_SYMBOLS = YES;
				GCC_INLINES_ARE_PRIVATE_EXTERN = NO;
				GCC_OPTIMIZATION_LEVEL = 0;
				GCC_PREPROCESSOR_DEFINITIONS = ("'CMAKE_INTDIR=\"$(CONFIGURATION)$(EFFECTIVE_PLATFORM_NAME)\"'","$(inherited)");
				GCC_SYMBOLS_PRIVATE_EXTERN = NO;
				INSTALL_PATH = "";
				OTHER_LDFLAGS = ("","$(inherited)");
				OTHER_REZFLAGS = "";
				PRODUCT_NAME = ALL_BUILD;
				SECTORDER_FLAGS = "";
				SYMROOT = /Users/bernardocohen/repos/library/cppDSA/cpp/XCode;
				USE_HEADERMAP = NO;
				WARNING_CFLAGS = ("$(inherited)");
			};
			name = RelWithDebInfo;
		};
		E508A45FF7654FE3B6F3B7B1 /* Release */ = {
			isa = XCBuildConfiguration;
			buildSettings = {
				ARCHS = "$(NATIVE_ARCH_ACTUAL)";
				ONLY_ACTIVE_ARCH = YES;
				SDKROOT = /Applications/Xcode.app/Contents/Developer/Platforms/MacOSX.platform/Developer/SDKs/MacOSX12.3.sdk;
				SYMROOT = /Users/bernardocohen/repos/library/cppDSA/cpp/XCode/build;
			};
			name = Release;
		};
		E597BB4C062C415D88F0CF18 /* MinSizeRel */ = {
			isa = XCBuildConfiguration;
			buildSettings = {
				COMBINE_HIDPI_IMAGES = YES;
				GCC_GENERATE_DEBUGGING_SYMBOLS = YES;
				GCC_INLINES_ARE_PRIVATE_EXTERN = NO;
				GCC_OPTIMIZATION_LEVEL = 0;
				GCC_PREPROCESSOR_DEFINITIONS = ("'CMAKE_INTDIR=\"$(CONFIGURATION)$(EFFECTIVE_PLATFORM_NAME)\"'","$(inherited)");
				GCC_SYMBOLS_PRIVATE_EXTERN = NO;
				INSTALL_PATH = "";
				OTHER_LDFLAGS = ("","$(inherited)");
				OTHER_REZFLAGS = "";
				PRODUCT_NAME = install;
				SECTORDER_FLAGS = "";
				SYMROOT = /Users/bernardocohen/repos/library/cppDSA/cpp/XCode;
				USE_HEADERMAP = NO;
				WARNING_CFLAGS = ("$(inherited)");
			};
			name = MinSizeRel;
		};
		EC34B48B020A40CDB50E1B45 /* MinSizeRel */ = {
			isa = XCBuildConfiguration;
			buildSettings = {
				COMBINE_HIDPI_IMAGES = YES;
				DYLIB_COMPATIBILITY_VERSION = "";
				DYLIB_CURRENT_VERSION = "";
				EXECUTABLE_PREFIX = lib;
				EXECUTABLE_SUFFIX = .dylib;
				GCC_GENERATE_DEBUGGING_SYMBOLS = NO;
				GCC_INLINES_ARE_PRIVATE_EXTERN = NO;
				GCC_OPTIMIZATION_LEVEL = s;
				GCC_PREPROCESSOR_DEFINITIONS = ("'CMAKE_INTDIR=\"$(CONFIGURATION)$(EFFECTIVE_PLATFORM_NAME)\"'",cppDSA_EXPORTS,"$(inherited)");
				GCC_SYMBOLS_PRIVATE_EXTERN = NO;
				HEADER_SEARCH_PATHS = (/usr/local/include,/Users/bernardocohen/repos/library/cppDSA/cpp/include/cppDSA_bits,"$(inherited)");
				INSTALL_PATH = "@rpath";
				LIBRARY_STYLE = DYNAMIC;
				OTHER_CPLUSPLUSFLAGS = "    -DNDEBUG -fPIC '-std=c++17' ";
				OTHER_LDFLAGS = (" -dynamiclib -Wl,-headerpad_max_install_names","$(inherited)");
				OTHER_REZFLAGS = "";
				PRODUCT_NAME = cppDSA;
				SECTORDER_FLAGS = "";
				SYMROOT = /Users/bernardocohen/repos/library/cppDSA/cpp/XCode;
				USE_HEADERMAP = NO;
				WARNING_CFLAGS = ("$(inherited)");
			};
			name = MinSizeRel;
		};
		F842698BF8734CCA8519BD67 /* Debug */ = {
			isa = XCBuildConfiguration;
			buildSettings = {
				ARCHS = "$(NATIVE_ARCH_ACTUAL)";
				ONLY_ACTIVE_ARCH = YES;
				SDKROOT = /Applications/Xcode.app/Contents/Developer/Platforms/MacOSX.platform/Developer/SDKs/MacOSX12.3.sdk;
				SYMROOT = /Users/bernardocohen/repos/library/cppDSA/cpp/XCode/build;
			};
			name = Debug;
		};
		FBCB7B8BAA1C4B7AAFA975C0 /* Release */ = {
			isa = XCBuildConfiguration;
			buildSettings = {
				COMBINE_HIDPI_IMAGES = YES;
				GCC_GENERATE_DEBUGGING_SYMBOLS = YES;
				GCC_INLINES_ARE_PRIVATE_EXTERN = NO;
				GCC_OPTIMIZATION_LEVEL = 0;
				GCC_PREPROCESSOR_DEFINITIONS = ("'CMAKE_INTDIR=\"$(CONFIGURATION)$(EFFECTIVE_PLATFORM_NAME)\"'","$(inherited)");
				GCC_SYMBOLS_PRIVATE_EXTERN = NO;
				INSTALL_PATH = "";
				OTHER_LDFLAGS = ("","$(inherited)");
				OTHER_REZFLAGS = "";
				PRODUCT_NAME = ALL_BUILD;
				SECTORDER_FLAGS = "";
				SYMROOT = /Users/bernardocohen/repos/library/cppDSA/cpp/XCode;
				USE_HEADERMAP = NO;
				WARNING_CFLAGS = ("$(inherited)");
			};
			name = Release;
		};
/* End XCBuildConfiguration section */

/* Begin XCConfigurationList section */
		44FC5D20157B444BA01C46E8 /* Build configuration list for PBXAggregateTarget "ALL_BUILD" */ = {
			isa = XCConfigurationList;
			buildConfigurations = (
				0C04DC6E48A64D32ACF35AF0 /* Debug */,
				FBCB7B8BAA1C4B7AAFA975C0 /* Release */,
				46CB6F48B7D0432394E9646A /* MinSizeRel */,
				D49B6A8BAB544558B1E3166D /* RelWithDebInfo */,
			);
			defaultConfigurationIsVisible = 0;
			defaultConfigurationName = Debug;
		};
		488704DA6F204DA2922FFDA4 /* Build configuration list for PBXAggregateTarget "install" */ = {
			isa = XCConfigurationList;
			buildConfigurations = (
				0181D92D354F4D9B87DA40AD /* Debug */,
				915399A1712140A8938E4EF1 /* Release */,
				E597BB4C062C415D88F0CF18 /* MinSizeRel */,
				71D990F8C65C4153AAD0D5FD /* RelWithDebInfo */,
			);
			defaultConfigurationIsVisible = 0;
			defaultConfigurationName = Debug;
		};
		678AC86E47FF489A9136093F /* Build configuration list for PBXProject "cppDSA" */ = {
			isa = XCConfigurationList;
			buildConfigurations = (
				F842698BF8734CCA8519BD67 /* Debug */,
				E508A45FF7654FE3B6F3B7B1 /* Release */,
				8556CC429E3A4B089D8AD104 /* MinSizeRel */,
				CD93C50C6EAA48C394FC03EF /* RelWithDebInfo */,
			);
			defaultConfigurationIsVisible = 0;
			defaultConfigurationName = Debug;
		};
		B15C877470504BF79823500A /* Build configuration list for PBXNativeTarget "cppDSA" */ = {
			isa = XCConfigurationList;
			buildConfigurations = (
				86E403F579294F1B9202DCD6 /* Debug */,
				AD2E1EC4929F40598189B7FC /* Release */,
				EC34B48B020A40CDB50E1B45 /* MinSizeRel */,
				0409C7F1C2BF4088B64ADA6F /* RelWithDebInfo */,
			);
			defaultConfigurationIsVisible = 0;
			defaultConfigurationName = Debug;
		};
		F5A00F88CB3645429A526D0A /* Build configuration list for PBXAggregateTarget "ZERO_CHECK" */ = {
			isa = XCConfigurationList;
			buildConfigurations = (
				0CBB202206E042A88614CEE7 /* Debug */,
				7B1ABB323AE24969881DED01 /* Release */,
				38230F9DC10340BD9EA68197 /* MinSizeRel */,
				D16843901E4947D0896E80AB /* RelWithDebInfo */,
			);
			defaultConfigurationIsVisible = 0;
			defaultConfigurationName = Debug;
		};
/* End XCConfigurationList section */
	};
	rootObject = 26DC71FB46D44BFD8635B03B /* Project object */;
}
