// !$*UTF8*$!
{
	archiveVersion = 1;
	classes = {
	};
	objectVersion = 46;
	objects = {

/* Begin PBXAggregateTarget section */
		BEE917925D0641608B286C32 /* ZERO_CHECK */ = {
			isa = PBXAggregateTarget;
			buildConfigurationList = 3EC804206DAA40A98E82E581 /* Build configuration list for PBXAggregateTarget "ZERO_CHECK" */;
			buildPhases = (
				459915F168814BE83B7E053D /* Generate CMakeFiles/ZERO_CHECK */,
			);
			dependencies = (
			);
			name = ZERO_CHECK;
			productName = ZERO_CHECK;
		};
		CD8D9E55D5224307B45E052F /* install */ = {
			isa = PBXAggregateTarget;
			buildConfigurationList = 2D46C699577F40DA9189F1B5 /* Build configuration list for PBXAggregateTarget "install" */;
			buildPhases = (
				93426DA6A4AC2C2AC9CE883C /* CMake PostBuild Rules */,
			);
			dependencies = (
				CAB97C22ABDA4F088C3F9356 /* PBXTargetDependency */,
			);
			name = install;
			productName = install;
		};
		F1BC1D4CF777479881817C74 /* ALL_BUILD */ = {
			isa = PBXAggregateTarget;
			buildConfigurationList = B6B9E49FC0BA4F4B9B80AFC2 /* Build configuration list for PBXAggregateTarget "ALL_BUILD" */;
			buildPhases = (
				B8EFF0638168BF77385C05DF /* Generate CMakeFiles/ALL_BUILD */,
			);
			dependencies = (
				FCE4343070D64BB5BD014BBC /* PBXTargetDependency */,
				8A802266A9B946B3BA671813 /* PBXTargetDependency */,
			);
			name = ALL_BUILD;
			productName = ALL_BUILD;
		};
/* End PBXAggregateTarget section */

/* Begin PBXBuildFile section */
		06E05D0866FF4F1A9FFF5B07 /* /Users/bernardocohen/repos/library/cppDSA/cpp/CMakeLists.txt */ = {isa = PBXBuildFile; fileRef = 8ACBB4516C6F49EB91052FB9 /* /Users/bernardocohen/repos/library/cppDSA/cpp/CMakeLists.txt */; };
		0C03CE0D5AFA48CBA3F4AEAD /* /Users/bernardocohen/repos/library/cppDSA/cpp/include/cppDSA_bits/cards.hpp */ = {isa = PBXBuildFile; fileRef = A8C70D8C6BEB4F398A9BACF0 /* /Users/bernardocohen/repos/library/cppDSA/cpp/include/cppDSA_bits/cards.hpp */; };
		13961EE9452F47D7A77D7CB0 /* /Users/bernardocohen/repos/library/cppDSA/cpp/include/cppDSA_bits/linkedList.hpp */ = {isa = PBXBuildFile; fileRef = CB3A718F94424169A41286A8 /* /Users/bernardocohen/repos/library/cppDSA/cpp/include/cppDSA_bits/linkedList.hpp */; };
		1DFE9CD4DE114C2794045B5D /* /Users/bernardocohen/repos/library/cppDSA/cpp/include/cppDSA_bits/node.hpp */ = {isa = PBXBuildFile; fileRef = BE515306F17C4975B06D0EA6 /* /Users/bernardocohen/repos/library/cppDSA/cpp/include/cppDSA_bits/node.hpp */; };
		284C458F9F3E42C28A0F5EE6 /* /Users/bernardocohen/repos/library/cppDSA/cpp/include/cppDSA_bits/animal.hpp */ = {isa = PBXBuildFile; fileRef = 899638C4C63F407399D69177 /* /Users/bernardocohen/repos/library/cppDSA/cpp/include/cppDSA_bits/animal.hpp */; };
		3339A8B964254BBEBA3BFF6C /* /Users/bernardocohen/repos/library/cppDSA/cpp/src/test.cpp */ = {isa = PBXBuildFile; fileRef = AADBA3E5B9D74D82AF5FFE69 /* /Users/bernardocohen/repos/library/cppDSA/cpp/src/test.cpp */; };
		3F6B9E4E5E604DCFB7C4AE68 /* /Users/bernardocohen/repos/library/cppDSA/cpp/src/random.cpp */ = {isa = PBXBuildFile; fileRef = 8DC525EB43DF42B88495D53D /* /Users/bernardocohen/repos/library/cppDSA/cpp/src/random.cpp */; };
		4D99A51CD76041FB8FAD2521 /* /Users/bernardocohen/repos/library/cppDSA/cpp/include/cppDSA_bits/stack.hpp */ = {isa = PBXBuildFile; fileRef = 3782FE263B0A4F9C963F0E81 /* /Users/bernardocohen/repos/library/cppDSA/cpp/include/cppDSA_bits/stack.hpp */; };
		56009F7D92164A06976F7F3E /* /Users/bernardocohen/repos/library/cppDSA/cpp/include/cppDSA_bits/queue.hpp */ = {isa = PBXBuildFile; fileRef = A2D88F8C4A8143D896F6B1CC /* /Users/bernardocohen/repos/library/cppDSA/cpp/include/cppDSA_bits/queue.hpp */; };
		6766E06202B545A492624229 /* /Users/bernardocohen/repos/library/cppDSA/cpp/include/cppDSA_bits/list.hpp */ = {isa = PBXBuildFile; fileRef = 8568BDB57B754ACFA50327AF /* /Users/bernardocohen/repos/library/cppDSA/cpp/include/cppDSA_bits/list.hpp */; };
		A99D7E059AF245DFB3EC546D /* /Users/bernardocohen/repos/library/cppDSA/cpp/src/list.cpp */ = {isa = PBXBuildFile; fileRef = 008A2F531D9B49F7BEFA3AE3 /* /Users/bernardocohen/repos/library/cppDSA/cpp/src/list.cpp */; };
		AED0459A4BAD49A480D6F135 /* /Users/bernardocohen/repos/library/cppDSA/cpp/include/cppDSA_bits/test.hpp */ = {isa = PBXBuildFile; fileRef = 74AB2306A050408DB730DDF0 /* /Users/bernardocohen/repos/library/cppDSA/cpp/include/cppDSA_bits/test.hpp */; };
		B1F7724EEB2741A9A62556EC /* /Users/bernardocohen/repos/library/cppDSA/cpp/include/cppDSA_bits/random.hpp */ = {isa = PBXBuildFile; fileRef = 0DFD126DD292408B988FEB7B /* /Users/bernardocohen/repos/library/cppDSA/cpp/include/cppDSA_bits/random.hpp */; };
		B3AEE64829EB412099BC487D /* /Users/bernardocohen/repos/library/cppDSA/cpp/src/cards.cpp */ = {isa = PBXBuildFile; fileRef = 424EFFC64C5F421BBDBAD3A8 /* /Users/bernardocohen/repos/library/cppDSA/cpp/src/cards.cpp */; };
		B9BCD5E85CFD413F997899FC /* /Users/bernardocohen/repos/library/cppDSA/cpp/include/cppDSA_bits/doublyLinkedList.hpp */ = {isa = PBXBuildFile; fileRef = 172DE03A53B149BAAED71C49 /* /Users/bernardocohen/repos/library/cppDSA/cpp/include/cppDSA_bits/doublyLinkedList.hpp */; };
		C2624C37450F4212977AD0A5 /* /Users/bernardocohen/repos/library/cppDSA/cpp/include/cppDSA_bits/sorting.hpp */ = {isa = PBXBuildFile; fileRef = D0B3244522D34787BECAC5A7 /* /Users/bernardocohen/repos/library/cppDSA/cpp/include/cppDSA_bits/sorting.hpp */; };
		ED74B0180B2F49E4B944E78A /* /Users/bernardocohen/repos/library/cppDSA/cpp/src/sorting.cpp */ = {isa = PBXBuildFile; fileRef = DD08743563544D33AB57A78B /* /Users/bernardocohen/repos/library/cppDSA/cpp/src/sorting.cpp */; };
		F9DBA90FB30A4BC0A1E2F43A /* /Users/bernardocohen/repos/library/cppDSA/cpp/include/cppDSA_bits/deque.hpp */ = {isa = PBXBuildFile; fileRef = CB8C7FF9D09E4C4D989A0866 /* /Users/bernardocohen/repos/library/cppDSA/cpp/include/cppDSA_bits/deque.hpp */; };
/* End PBXBuildFile section */

/* Begin PBXBuildStyle section */
		47BA80E4E7834160824F0EC1 /* Release */ = {
			isa = PBXBuildStyle;
			buildSettings = {
				COPY_PHASE_STRIP = NO;
			};
			name = Release;
		};
		9CB1885D3C05479488B23748 /* MinSizeRel */ = {
			isa = PBXBuildStyle;
			buildSettings = {
				COPY_PHASE_STRIP = NO;
			};
			name = MinSizeRel;
		};
		CC7D7CD11AE14402B14F5B85 /* Debug */ = {
			isa = PBXBuildStyle;
			buildSettings = {
				COPY_PHASE_STRIP = NO;
			};
			name = Debug;
		};
		D219169DDE204EEEAE9899CB /* RelWithDebInfo */ = {
			isa = PBXBuildStyle;
			buildSettings = {
				COPY_PHASE_STRIP = NO;
			};
			name = RelWithDebInfo;
		};
/* End PBXBuildStyle section */

/* Begin PBXContainerItemProxy section */
		1632AAC4911C4DCB9A525DF4 /* PBXContainerItemProxy */ = {
			isa = PBXContainerItemProxy;
			containerPortal = 26DC71FB46D44BFD8635B03B /* Project object */;
			proxyType = 1;
			remoteGlobalIDString = BEE917925D0641608B286C32;
			remoteInfo = ZERO_CHECK;
		};
		72DBAD17B92F4DBEB30D9B21 /* PBXContainerItemProxy */ = {
			isa = PBXContainerItemProxy;
			containerPortal = 26DC71FB46D44BFD8635B03B /* Project object */;
			proxyType = 1;
			remoteGlobalIDString = B82B80C6234D4C9C8BA639A9;
			remoteInfo = cppDSA;
		};
		8A8283E109D4498598F4D5E6 /* PBXContainerItemProxy */ = {
			isa = PBXContainerItemProxy;
			containerPortal = 26DC71FB46D44BFD8635B03B /* Project object */;
			proxyType = 1;
			remoteGlobalIDString = BEE917925D0641608B286C32;
			remoteInfo = ZERO_CHECK;
		};
		B26FD4A4314F4AE1974D9DC8 /* PBXContainerItemProxy */ = {
			isa = PBXContainerItemProxy;
			containerPortal = 26DC71FB46D44BFD8635B03B /* Project object */;
			proxyType = 1;
			remoteGlobalIDString = F1BC1D4CF777479881817C74;
			remoteInfo = ALL_BUILD;
		};
/* End PBXContainerItemProxy section */

/* Begin PBXFileReference section */
		008A2F531D9B49F7BEFA3AE3 /* /Users/bernardocohen/repos/library/cppDSA/cpp/src/list.cpp */ = {isa = PBXFileReference; explicitFileType = sourcecode.cpp.cpp; fileEncoding = 4; name = list.cpp; path = src/list.cpp; sourceTree = SOURCE_ROOT; };
		0DFD126DD292408B988FEB7B /* /Users/bernardocohen/repos/library/cppDSA/cpp/include/cppDSA_bits/random.hpp */ = {isa = PBXFileReference; explicitFileType = sourcecode.cpp.h; fileEncoding = 4; name = random.hpp; path = include/cppDSA_bits/random.hpp; sourceTree = SOURCE_ROOT; };
		172DE03A53B149BAAED71C49 /* /Users/bernardocohen/repos/library/cppDSA/cpp/include/cppDSA_bits/doublyLinkedList.hpp */ = {isa = PBXFileReference; explicitFileType = sourcecode.cpp.h; fileEncoding = 4; name = doublyLinkedList.hpp; path = include/cppDSA_bits/doublyLinkedList.hpp; sourceTree = SOURCE_ROOT; };
		3782FE263B0A4F9C963F0E81 /* /Users/bernardocohen/repos/library/cppDSA/cpp/include/cppDSA_bits/stack.hpp */ = {isa = PBXFileReference; explicitFileType = sourcecode.cpp.h; fileEncoding = 4; name = stack.hpp; path = include/cppDSA_bits/stack.hpp; sourceTree = SOURCE_ROOT; };
		424EFFC64C5F421BBDBAD3A8 /* /Users/bernardocohen/repos/library/cppDSA/cpp/src/cards.cpp */ = {isa = PBXFileReference; explicitFileType = sourcecode.cpp.cpp; fileEncoding = 4; name = cards.cpp; path = src/cards.cpp; sourceTree = SOURCE_ROOT; };
		632BC5F6FBBE44AAA2B95450 /* cppDSA */ = {isa = PBXFileReference; explicitFileType = "compiled.mach-o.dylib"; path = libcppDSA.dylib; sourceTree = BUILT_PRODUCTS_DIR; };
		74AB2306A050408DB730DDF0 /* /Users/bernardocohen/repos/library/cppDSA/cpp/include/cppDSA_bits/test.hpp */ = {isa = PBXFileReference; explicitFileType = sourcecode.cpp.h; fileEncoding = 4; name = test.hpp; path = include/cppDSA_bits/test.hpp; sourceTree = SOURCE_ROOT; };
		8568BDB57B754ACFA50327AF /* /Users/bernardocohen/repos/library/cppDSA/cpp/include/cppDSA_bits/list.hpp */ = {isa = PBXFileReference; explicitFileType = sourcecode.cpp.h; fileEncoding = 4; name = list.hpp; path = include/cppDSA_bits/list.hpp; sourceTree = SOURCE_ROOT; };
		899638C4C63F407399D69177 /* /Users/bernardocohen/repos/library/cppDSA/cpp/include/cppDSA_bits/animal.hpp */ = {isa = PBXFileReference; explicitFileType = sourcecode.cpp.h; fileEncoding = 4; name = animal.hpp; path = include/cppDSA_bits/animal.hpp; sourceTree = SOURCE_ROOT; };
		8ACBB4516C6F49EB91052FB9 /* /Users/bernardocohen/repos/library/cppDSA/cpp/CMakeLists.txt */ = {isa = PBXFileReference; explicitFileType = sourcecode.text; fileEncoding = 4; name = CMakeLists.txt; path = CMakeLists.txt; sourceTree = SOURCE_ROOT; };
		8DC525EB43DF42B88495D53D /* /Users/bernardocohen/repos/library/cppDSA/cpp/src/random.cpp */ = {isa = PBXFileReference; explicitFileType = sourcecode.cpp.cpp; fileEncoding = 4; name = random.cpp; path = src/random.cpp; sourceTree = SOURCE_ROOT; };
		A2D88F8C4A8143D896F6B1CC /* /Users/bernardocohen/repos/library/cppDSA/cpp/include/cppDSA_bits/queue.hpp */ = {isa = PBXFileReference; explicitFileType = sourcecode.cpp.h; fileEncoding = 4; name = queue.hpp; path = include/cppDSA_bits/queue.hpp; sourceTree = SOURCE_ROOT; };
		A8C70D8C6BEB4F398A9BACF0 /* /Users/bernardocohen/repos/library/cppDSA/cpp/include/cppDSA_bits/cards.hpp */ = {isa = PBXFileReference; explicitFileType = sourcecode.cpp.h; fileEncoding = 4; name = cards.hpp; path = include/cppDSA_bits/cards.hpp; sourceTree = SOURCE_ROOT; };
		AADBA3E5B9D74D82AF5FFE69 /* /Users/bernardocohen/repos/library/cppDSA/cpp/src/test.cpp */ = {isa = PBXFileReference; explicitFileType = sourcecode.cpp.cpp; fileEncoding = 4; name = test.cpp; path = src/test.cpp; sourceTree = SOURCE_ROOT; };
		BE515306F17C4975B06D0EA6 /* /Users/bernardocohen/repos/library/cppDSA/cpp/include/cppDSA_bits/node.hpp */ = {isa = PBXFileReference; explicitFileType = sourcecode.cpp.h; fileEncoding = 4; name = node.hpp; path = include/cppDSA_bits/node.hpp; sourceTree = SOURCE_ROOT; };
		CB3A718F94424169A41286A8 /* /Users/bernardocohen/repos/library/cppDSA/cpp/include/cppDSA_bits/linkedList.hpp */ = {isa = PBXFileReference; explicitFileType = sourcecode.cpp.h; fileEncoding = 4; name = linkedList.hpp; path = include/cppDSA_bits/linkedList.hpp; sourceTree = SOURCE_ROOT; };
		CB8C7FF9D09E4C4D989A0866 /* /Users/bernardocohen/repos/library/cppDSA/cpp/include/cppDSA_bits/deque.hpp */ = {isa = PBXFileReference; explicitFileType = sourcecode.cpp.h; fileEncoding = 4; name = deque.hpp; path = include/cppDSA_bits/deque.hpp; sourceTree = SOURCE_ROOT; };
		D0B3244522D34787BECAC5A7 /* /Users/bernardocohen/repos/library/cppDSA/cpp/include/cppDSA_bits/sorting.hpp */ = {isa = PBXFileReference; explicitFileType = sourcecode.cpp.h; fileEncoding = 4; name = sorting.hpp; path = include/cppDSA_bits/sorting.hpp; sourceTree = SOURCE_ROOT; };
		DD08743563544D33AB57A78B /* /Users/bernardocohen/repos/library/cppDSA/cpp/src/sorting.cpp */ = {isa = PBXFileReference; explicitFileType = sourcecode.cpp.cpp; fileEncoding = 4; name = sorting.cpp; path = src/sorting.cpp; sourceTree = SOURCE_ROOT; };
		E31B9DEACB644D16B61B9126 /* /Users/bernardocohen/repos/library/cppDSA/cpp/CMakeLists.txt */ = {isa = PBXFileReference; explicitFileType = sourcecode.text; fileEncoding = 4; name = CMakeLists.txt; path = CMakeLists.txt; sourceTree = SOURCE_ROOT; };
/* End PBXFileReference section */

/* Begin PBXFrameworksBuildPhase section */
		2DA36F0BF70B421E891B38BE /* Frameworks */ = {
			isa = PBXFrameworksBuildPhase;
			buildActionMask = 2147483647;
			files = (
			);
			runOnlyForDeploymentPostprocessing = 0;
		};
/* End PBXFrameworksBuildPhase section */

/* Begin PBXGroup section */
		19243FE86B494B9B8564481B /* CMake Rules */ = {
			isa = PBXGroup;
			children = (
			);
			name = "CMake Rules";
			sourceTree = "<group>";
		};
		1BD4C308A0064420B15F82BF /* ALL_BUILD */ = {
			isa = PBXGroup;
			children = (
				19243FE86B494B9B8564481B /* CMake Rules */,
				E31B9DEACB644D16B61B9126 /* /Users/bernardocohen/repos/library/cppDSA/cpp/CMakeLists.txt */,
			);
			name = ALL_BUILD;
			sourceTree = "<group>";
		};
		307730F106D34E40BD1A6E7D /* src */ = {
			isa = PBXGroup;
			children = (
				424EFFC64C5F421BBDBAD3A8 /* /Users/bernardocohen/repos/library/cppDSA/cpp/src/cards.cpp */,
				008A2F531D9B49F7BEFA3AE3 /* /Users/bernardocohen/repos/library/cppDSA/cpp/src/list.cpp */,
				8DC525EB43DF42B88495D53D /* /Users/bernardocohen/repos/library/cppDSA/cpp/src/random.cpp */,
				DD08743563544D33AB57A78B /* /Users/bernardocohen/repos/library/cppDSA/cpp/src/sorting.cpp */,
				AADBA3E5B9D74D82AF5FFE69 /* /Users/bernardocohen/repos/library/cppDSA/cpp/src/test.cpp */,
			);
			name = src;
			sourceTree = "<group>";
		};
		4CA124C1B9CE4DC6A8FCB31C = {
			isa = PBXGroup;
			children = (
				6176814F7583451192FD93E6 /* cppDSA */,
				1BD4C308A0064420B15F82BF /* ALL_BUILD */,
				DB6BE55A23734861A8D38A29 /* Products */,
				9667DA62AAE8480F89AC72A7 /* Frameworks */,
			);
			sourceTree = "<group>";
		};
		6176814F7583451192FD93E6 /* cppDSA */ = {
			isa = PBXGroup;
			children = (
				94DAD1583A3749A68D0C4DAD /* include */,
				307730F106D34E40BD1A6E7D /* src */,
				8ACBB4516C6F49EB91052FB9 /* /Users/bernardocohen/repos/library/cppDSA/cpp/CMakeLists.txt */,
			);
			name = cppDSA;
			sourceTree = "<group>";
		};
		94DAD1583A3749A68D0C4DAD /* include */ = {
			isa = PBXGroup;
			children = (
				E244090882D44054ADF5990B /* cppDSA_bits */,
			);
			name = include;
			sourceTree = "<group>";
		};
		9667DA62AAE8480F89AC72A7 /* Frameworks */ = {
			isa = PBXGroup;
			children = (
			);
			name = Frameworks;
			sourceTree = "<group>";
		};
		DB6BE55A23734861A8D38A29 /* Products */ = {
			isa = PBXGroup;
			children = (
				632BC5F6FBBE44AAA2B95450 /* cppDSA */,
			);
			name = Products;
			sourceTree = "<group>";
		};
		E244090882D44054ADF5990B /* cppDSA_bits */ = {
			isa = PBXGroup;
			children = (
				899638C4C63F407399D69177 /* /Users/bernardocohen/repos/library/cppDSA/cpp/include/cppDSA_bits/animal.hpp */,
				A8C70D8C6BEB4F398A9BACF0 /* /Users/bernardocohen/repos/library/cppDSA/cpp/include/cppDSA_bits/cards.hpp */,
				CB8C7FF9D09E4C4D989A0866 /* /Users/bernardocohen/repos/library/cppDSA/cpp/include/cppDSA_bits/deque.hpp */,
				172DE03A53B149BAAED71C49 /* /Users/bernardocohen/repos/library/cppDSA/cpp/include/cppDSA_bits/doublyLinkedList.hpp */,
				CB3A718F94424169A41286A8 /* /Users/bernardocohen/repos/library/cppDSA/cpp/include/cppDSA_bits/linkedList.hpp */,
				8568BDB57B754ACFA50327AF /* /Users/bernardocohen/repos/library/cppDSA/cpp/include/cppDSA_bits/list.hpp */,
				BE515306F17C4975B06D0EA6 /* /Users/bernardocohen/repos/library/cppDSA/cpp/include/cppDSA_bits/node.hpp */,
				A2D88F8C4A8143D896F6B1CC /* /Users/bernardocohen/repos/library/cppDSA/cpp/include/cppDSA_bits/queue.hpp */,
				0DFD126DD292408B988FEB7B /* /Users/bernardocohen/repos/library/cppDSA/cpp/include/cppDSA_bits/random.hpp */,
				D0B3244522D34787BECAC5A7 /* /Users/bernardocohen/repos/library/cppDSA/cpp/include/cppDSA_bits/sorting.hpp */,
				3782FE263B0A4F9C963F0E81 /* /Users/bernardocohen/repos/library/cppDSA/cpp/include/cppDSA_bits/stack.hpp */,
				74AB2306A050408DB730DDF0 /* /Users/bernardocohen/repos/library/cppDSA/cpp/include/cppDSA_bits/test.hpp */,
			);
			name = cppDSA_bits;
			sourceTree = "<group>";
		};
/* End PBXGroup section */

/* Begin PBXNativeTarget section */
		B82B80C6234D4C9C8BA639A9 /* cppDSA */ = {
			isa = PBXNativeTarget;
			buildConfigurationList = F85848DD7D3947AA8CD2B728 /* Build configuration list for PBXNativeTarget "cppDSA" */;
			buildPhases = (
				61513791D671454CA92B6759 /* Sources */,
				2DA36F0BF70B421E891B38BE /* Frameworks */,
				DAC46604BA5293C4166BE761 /* CMake PostBuild Rules */,
			);
			buildRules = (
			);
			dependencies = (
				4B44D3DF2183458A9C4DAE77 /* PBXTargetDependency */,
			);
			name = cppDSA;
			productName = cppDSA;
			productReference = 632BC5F6FBBE44AAA2B95450 /* cppDSA */;
			productType = "com.apple.product-type.library.dynamic";
		};
/* End PBXNativeTarget section */

/* Begin PBXProject section */
		26DC71FB46D44BFD8635B03B /* Project object */ = {
			isa = PBXProject;
			attributes = {
				BuildIndependentTargetsInParallel = YES;
				LastUpgradeCheck = 1330;
			};
			buildConfigurationList = 0D89FD192FD8427FADCDB7DC /* Build configuration list for PBXProject "cppDSA" */;
			buildSettings = {
			};
			buildStyles = (
				CC7D7CD11AE14402B14F5B85 /* Debug */,
				47BA80E4E7834160824F0EC1 /* Release */,
				9CB1885D3C05479488B23748 /* MinSizeRel */,
				D219169DDE204EEEAE9899CB /* RelWithDebInfo */,
			);
			compatibilityVersion = "Xcode 3.2";
			hasScannedForEncodings = 0;
			mainGroup = 4CA124C1B9CE4DC6A8FCB31C;
			projectDirPath = ../;
			projectRoot = "";
			targets = (
				F1BC1D4CF777479881817C74 /* ALL_BUILD */,
				BEE917925D0641608B286C32 /* ZERO_CHECK */,
				B82B80C6234D4C9C8BA639A9 /* cppDSA */,
				CD8D9E55D5224307B45E052F /* install */,
			);
		};
/* End PBXProject section */

/* Begin PBXShellScriptBuildPhase section */
		3C0110FC8322DE7E50886E21 = {
			isa = PBXShellScriptBuildPhase;
			buildActionMask = 2147483647;
			files = (
			);
			inputPaths = (
			);
			outputPaths = (
			);
			runOnlyForDeploymentPostprocessing = 0;
			shellPath = /bin/sh;
			shellScript = "# shell script goes here
exit 0";
			showEnvVarsInLog = 0;
		};
		459915F168814BE83B7E053D /* Generate CMakeFiles/ZERO_CHECK */ = {
			isa = PBXShellScriptBuildPhase;
			alwaysOutOfDate = 1;
			buildActionMask = 2147483647;
			files = (
			);
			inputPaths = (
			);
			name = "Generate CMakeFiles/ZERO_CHECK";
			outputPaths = (
/Users/bernardocohen/repos/library/cppDSA/cpp/XCode/CMakeFiles/ZERO_CHECK			);
			runOnlyForDeploymentPostprocessing = 0;
			shellPath = /bin/sh;
			shellScript = "set -e
if test \"$CONFIGURATION\" = \"Debug\"; then :
  cd /Users/bernardocohen/repos/library/cppDSA/cpp/XCode
  make -f /Users/bernardocohen/repos/library/cppDSA/cpp/XCode/CMakeScripts/ReRunCMake.make
fi
if test \"$CONFIGURATION\" = \"Release\"; then :
  cd /Users/bernardocohen/repos/library/cppDSA/cpp/XCode
  make -f /Users/bernardocohen/repos/library/cppDSA/cpp/XCode/CMakeScripts/ReRunCMake.make
fi
if test \"$CONFIGURATION\" = \"MinSizeRel\"; then :
  cd /Users/bernardocohen/repos/library/cppDSA/cpp/XCode
  make -f /Users/bernardocohen/repos/library/cppDSA/cpp/XCode/CMakeScripts/ReRunCMake.make
fi
if test \"$CONFIGURATION\" = \"RelWithDebInfo\"; then :
  cd /Users/bernardocohen/repos/library/cppDSA/cpp/XCode
  make -f /Users/bernardocohen/repos/library/cppDSA/cpp/XCode/CMakeScripts/ReRunCMake.make
fi
";
			showEnvVarsInLog = 0;
		};
		87AF4882E018677E2624B544 = {
			isa = PBXShellScriptBuildPhase;
			buildActionMask = 2147483647;
			files = (
			);
			inputPaths = (
			);
			outputPaths = (
			);
			runOnlyForDeploymentPostprocessing = 0;
			shellPath = /bin/sh;
			shellScript = "# shell script goes here
exit 0";
			showEnvVarsInLog = 0;
		};
		93426DA6A4AC2C2AC9CE883C /* CMake PostBuild Rules */ = {
			isa = PBXShellScriptBuildPhase;
			alwaysOutOfDate = 1;
			buildActionMask = 2147483647;
			files = (
			);
			name = "CMake PostBuild Rules";
			outputPaths = (
			);
			runOnlyForDeploymentPostprocessing = 0;
			shellPath = /bin/sh;
			shellScript = "set -e
if test \"$CONFIGURATION\" = \"Debug\"; then :
  cd /Users/bernardocohen/repos/library/cppDSA/cpp/XCode
  /usr/local/Cellar/cmake/3.22.0/bin/cmake -DBUILD_TYPE=$CONFIGURATION$EFFECTIVE_PLATFORM_NAME -P cmake_install.cmake
fi
if test \"$CONFIGURATION\" = \"Release\"; then :
  cd /Users/bernardocohen/repos/library/cppDSA/cpp/XCode
  /usr/local/Cellar/cmake/3.22.0/bin/cmake -DBUILD_TYPE=$CONFIGURATION$EFFECTIVE_PLATFORM_NAME -P cmake_install.cmake
fi
if test \"$CONFIGURATION\" = \"MinSizeRel\"; then :
  cd /Users/bernardocohen/repos/library/cppDSA/cpp/XCode
  /usr/local/Cellar/cmake/3.22.0/bin/cmake -DBUILD_TYPE=$CONFIGURATION$EFFECTIVE_PLATFORM_NAME -P cmake_install.cmake
fi
if test \"$CONFIGURATION\" = \"RelWithDebInfo\"; then :
  cd /Users/bernardocohen/repos/library/cppDSA/cpp/XCode
  /usr/local/Cellar/cmake/3.22.0/bin/cmake -DBUILD_TYPE=$CONFIGURATION$EFFECTIVE_PLATFORM_NAME -P cmake_install.cmake
fi
";
			showEnvVarsInLog = 0;
		};
		9B50530E35CC49C82C2FACCF = {
			isa = PBXShellScriptBuildPhase;
			buildActionMask = 2147483647;
			files = (
			);
			inputPaths = (
			);
			outputPaths = (
			);
			runOnlyForDeploymentPostprocessing = 0;
			shellPath = /bin/sh;
			shellScript = "# shell script goes here
exit 0";
			showEnvVarsInLog = 0;
		};
		B8EFF0638168BF77385C05DF /* Generate CMakeFiles/ALL_BUILD */ = {
			isa = PBXShellScriptBuildPhase;
			alwaysOutOfDate = 1;
			buildActionMask = 2147483647;
			files = (
			);
			inputPaths = (
			);
			name = "Generate CMakeFiles/ALL_BUILD";
			outputPaths = (
/Users/bernardocohen/repos/library/cppDSA/cpp/XCode/CMakeFiles/ALL_BUILD			);
			runOnlyForDeploymentPostprocessing = 0;
			shellPath = /bin/sh;
			shellScript = "set -e
if test \"$CONFIGURATION\" = \"Debug\"; then :
  cd /Users/bernardocohen/repos/library/cppDSA/cpp/XCode
  echo Build\\ all\\ projects
fi
if test \"$CONFIGURATION\" = \"Release\"; then :
  cd /Users/bernardocohen/repos/library/cppDSA/cpp/XCode
  echo Build\\ all\\ projects
fi
if test \"$CONFIGURATION\" = \"MinSizeRel\"; then :
  cd /Users/bernardocohen/repos/library/cppDSA/cpp/XCode
  echo Build\\ all\\ projects
fi
if test \"$CONFIGURATION\" = \"RelWithDebInfo\"; then :
  cd /Users/bernardocohen/repos/library/cppDSA/cpp/XCode
  echo Build\\ all\\ projects
fi
";
			showEnvVarsInLog = 0;
		};
		DAC46604BA5293C4166BE761 /* CMake PostBuild Rules */ = {
			isa = PBXShellScriptBuildPhase;
			alwaysOutOfDate = 1;
			buildActionMask = 2147483647;
			files = (
			);
			name = "CMake PostBuild Rules";
			outputPaths = (
			);
			runOnlyForDeploymentPostprocessing = 0;
			shellPath = /bin/sh;
			shellScript = "set -e
if test \"$CONFIGURATION\" = \"Debug\"; then :
  cd /Users/bernardocohen/repos/library/cppDSA/cpp/XCode
  /usr/local/Cellar/cmake/3.22.0/bin/cmake -E cmake_symlink_library /Users/bernardocohen/repos/library/cppDSA/cpp/XCode/Debug/libcppDSA.dylib /Users/bernardocohen/repos/library/cppDSA/cpp/XCode/Debug/libcppDSA.dylib /Users/bernardocohen/repos/library/cppDSA/cpp/XCode/Debug/libcppDSA.dylib
fi
if test \"$CONFIGURATION\" = \"Release\"; then :
  cd /Users/bernardocohen/repos/library/cppDSA/cpp/XCode
  /usr/local/Cellar/cmake/3.22.0/bin/cmake -E cmake_symlink_library /Users/bernardocohen/repos/library/cppDSA/cpp/XCode/Release/libcppDSA.dylib /Users/bernardocohen/repos/library/cppDSA/cpp/XCode/Release/libcppDSA.dylib /Users/bernardocohen/repos/library/cppDSA/cpp/XCode/Release/libcppDSA.dylib
fi
if test \"$CONFIGURATION\" = \"MinSizeRel\"; then :
  cd /Users/bernardocohen/repos/library/cppDSA/cpp/XCode
  /usr/local/Cellar/cmake/3.22.0/bin/cmake -E cmake_symlink_library /Users/bernardocohen/repos/library/cppDSA/cpp/XCode/MinSizeRel/libcppDSA.dylib /Users/bernardocohen/repos/library/cppDSA/cpp/XCode/MinSizeRel/libcppDSA.dylib /Users/bernardocohen/repos/library/cppDSA/cpp/XCode/MinSizeRel/libcppDSA.dylib
fi
if test \"$CONFIGURATION\" = \"RelWithDebInfo\"; then :
  cd /Users/bernardocohen/repos/library/cppDSA/cpp/XCode
  /usr/local/Cellar/cmake/3.22.0/bin/cmake -E cmake_symlink_library /Users/bernardocohen/repos/library/cppDSA/cpp/XCode/RelWithDebInfo/libcppDSA.dylib /Users/bernardocohen/repos/library/cppDSA/cpp/XCode/RelWithDebInfo/libcppDSA.dylib /Users/bernardocohen/repos/library/cppDSA/cpp/XCode/RelWithDebInfo/libcppDSA.dylib
fi
";
			showEnvVarsInLog = 0;
		};
/* End PBXShellScriptBuildPhase section */

/* Begin PBXSourcesBuildPhase section */
		61513791D671454CA92B6759 /* Sources */ = {
			isa = PBXSourcesBuildPhase;
			buildActionMask = 2147483647;
			files = (
				B3AEE64829EB412099BC487D /* /Users/bernardocohen/repos/library/cppDSA/cpp/src/cards.cpp */,
				A99D7E059AF245DFB3EC546D /* /Users/bernardocohen/repos/library/cppDSA/cpp/src/list.cpp */,
				3F6B9E4E5E604DCFB7C4AE68 /* /Users/bernardocohen/repos/library/cppDSA/cpp/src/random.cpp */,
				ED74B0180B2F49E4B944E78A /* /Users/bernardocohen/repos/library/cppDSA/cpp/src/sorting.cpp */,
				3339A8B964254BBEBA3BFF6C /* /Users/bernardocohen/repos/library/cppDSA/cpp/src/test.cpp */,
			);
			runOnlyForDeploymentPostprocessing = 0;
		};
/* End PBXSourcesBuildPhase section */

/* Begin PBXTargetDependency section */
		4B44D3DF2183458A9C4DAE77 /* PBXTargetDependency */ = {
			isa = PBXTargetDependency;
			target = BEE917925D0641608B286C32 /* ZERO_CHECK */;
			targetProxy = 8A8283E109D4498598F4D5E6 /* PBXContainerItemProxy */;
		};
		8A802266A9B946B3BA671813 /* PBXTargetDependency */ = {
			isa = PBXTargetDependency;
			target = BEE917925D0641608B286C32 /* ZERO_CHECK */;
			targetProxy = 1632AAC4911C4DCB9A525DF4 /* PBXContainerItemProxy */;
		};
		CAB97C22ABDA4F088C3F9356 /* PBXTargetDependency */ = {
			isa = PBXTargetDependency;
			target = F1BC1D4CF777479881817C74 /* ALL_BUILD */;
			targetProxy = B26FD4A4314F4AE1974D9DC8 /* PBXContainerItemProxy */;
		};
		FCE4343070D64BB5BD014BBC /* PBXTargetDependency */ = {
			isa = PBXTargetDependency;
			target = B82B80C6234D4C9C8BA639A9 /* cppDSA */;
			targetProxy = 72DBAD17B92F4DBEB30D9B21 /* PBXContainerItemProxy */;
		};
/* End PBXTargetDependency section */

/* Begin XCBuildConfiguration section */
		009BF71D34F840E880D215A3 /* MinSizeRel */ = {
			isa = XCBuildConfiguration;
			buildSettings = {
				COMBINE_HIDPI_IMAGES = YES;
				GCC_GENERATE_DEBUGGING_SYMBOLS = YES;
				GCC_INLINES_ARE_PRIVATE_EXTERN = NO;
				GCC_OPTIMIZATION_LEVEL = 0;
				GCC_PREPROCESSOR_DEFINITIONS = ("'CMAKE_INTDIR=\"$(CONFIGURATION)$(EFFECTIVE_PLATFORM_NAME)\"'","$(inherited)");
				GCC_SYMBOLS_PRIVATE_EXTERN = NO;
				INSTALL_PATH = "";
				OTHER_LDFLAGS = ("","$(inherited)");
				OTHER_REZFLAGS = "";
				PRODUCT_NAME = install;
				SECTORDER_FLAGS = "";
				SYMROOT = /Users/bernardocohen/repos/library/cppDSA/cpp/XCode;
				USE_HEADERMAP = NO;
				WARNING_CFLAGS = ("$(inherited)");
			};
			name = MinSizeRel;
		};
		02DC8F00712B4E4180F75A94 /* Release */ = {
			isa = XCBuildConfiguration;
			buildSettings = {
				COMBINE_HIDPI_IMAGES = YES;
				DYLIB_COMPATIBILITY_VERSION = "";
				DYLIB_CURRENT_VERSION = "";
				EXECUTABLE_PREFIX = lib;
				EXECUTABLE_SUFFIX = .dylib;
				GCC_GENERATE_DEBUGGING_SYMBOLS = NO;
				GCC_INLINES_ARE_PRIVATE_EXTERN = NO;
				GCC_OPTIMIZATION_LEVEL = 3;
				GCC_PREPROCESSOR_DEFINITIONS = ("'CMAKE_INTDIR=\"$(CONFIGURATION)$(EFFECTIVE_PLATFORM_NAME)\"'",cppDSA_EXPORTS,"$(inherited)");
				GCC_SYMBOLS_PRIVATE_EXTERN = NO;
				HEADER_SEARCH_PATHS = (/usr/local/include,/Users/bernardocohen/repos/library/cppDSA/cpp/include/cppDSA_bits,"$(inherited)");
				INSTALL_PATH = "@rpath";
				LIBRARY_STYLE = DYNAMIC;
				OTHER_CPLUSPLUSFLAGS = "    -DNDEBUG -fPIC '-std=c++17' ";
				OTHER_LDFLAGS = (" -dynamiclib -Wl,-headerpad_max_install_names","$(inherited)");
				OTHER_REZFLAGS = "";
				PRODUCT_NAME = cppDSA;
				SECTORDER_FLAGS = "";
				SYMROOT = /Users/bernardocohen/repos/library/cppDSA/cpp/XCode;
				USE_HEADERMAP = NO;
				WARNING_CFLAGS = ("$(inherited)");
			};
			name = Release;
		};
		0B43B2A68EC2418C8B8B3E94 /* Release */ = {
			isa = XCBuildConfiguration;
			buildSettings = {
				ARCHS = "$(NATIVE_ARCH_ACTUAL)";
				ONLY_ACTIVE_ARCH = YES;
				SDKROOT = /Applications/Xcode.app/Contents/Developer/Platforms/MacOSX.platform/Developer/SDKs/MacOSX12.3.sdk;
				SYMROOT = /Users/bernardocohen/repos/library/cppDSA/cpp/XCode/build;
			};
			name = Release;
		};
		200E77655BFB4643BD3B3530 /* Debug */ = {
			isa = XCBuildConfiguration;
			buildSettings = {
				ARCHS = "$(NATIVE_ARCH_ACTUAL)";
				ONLY_ACTIVE_ARCH = YES;
				SDKROOT = /Applications/Xcode.app/Contents/Developer/Platforms/MacOSX.platform/Developer/SDKs/MacOSX12.3.sdk;
				SYMROOT = /Users/bernardocohen/repos/library/cppDSA/cpp/XCode/build;
			};
			name = Debug;
		};
		3A8EB8FBCB8B4F0091173CE6 /* RelWithDebInfo */ = {
			isa = XCBuildConfiguration;
			buildSettings = {
				COMBINE_HIDPI_IMAGES = YES;
				GCC_GENERATE_DEBUGGING_SYMBOLS = YES;
				GCC_INLINES_ARE_PRIVATE_EXTERN = NO;
				GCC_OPTIMIZATION_LEVEL = 0;
				GCC_PREPROCESSOR_DEFINITIONS = ("'CMAKE_INTDIR=\"$(CONFIGURATION)$(EFFECTIVE_PLATFORM_NAME)\"'","$(inherited)");
				GCC_SYMBOLS_PRIVATE_EXTERN = NO;
				INSTALL_PATH = "";
				OTHER_LDFLAGS = ("","$(inherited)");
				OTHER_REZFLAGS = "";
				PRODUCT_NAME = ALL_BUILD;
				SECTORDER_FLAGS = "";
				SYMROOT = /Users/bernardocohen/repos/library/cppDSA/cpp/XCode;
				USE_HEADERMAP = NO;
				WARNING_CFLAGS = ("$(inherited)");
			};
			name = RelWithDebInfo;
		};
		4AB812F605874FA399871CF5 /* Debug */ = {
			isa = XCBuildConfiguration;
			buildSettings = {
				COMBINE_HIDPI_IMAGES = YES;
				GCC_GENERATE_DEBUGGING_SYMBOLS = YES;
				GCC_INLINES_ARE_PRIVATE_EXTERN = NO;
				GCC_OPTIMIZATION_LEVEL = 0;
				GCC_PREPROCESSOR_DEFINITIONS = ("'CMAKE_INTDIR=\"$(CONFIGURATION)$(EFFECTIVE_PLATFORM_NAME)\"'","$(inherited)");
				GCC_SYMBOLS_PRIVATE_EXTERN = NO;
				INSTALL_PATH = "";
				OTHER_LDFLAGS = ("","$(inherited)");
				OTHER_REZFLAGS = "";
				PRODUCT_NAME = install;
				SECTORDER_FLAGS = "";
				SYMROOT = /Users/bernardocohen/repos/library/cppDSA/cpp/XCode;
				USE_HEADERMAP = NO;
				WARNING_CFLAGS = ("$(inherited)");
			};
			name = Debug;
		};
		605FE81B650A4D7DA5AE90C0 /* Release */ = {
			isa = XCBuildConfiguration;
			buildSettings = {
				COMBINE_HIDPI_IMAGES = YES;
				GCC_GENERATE_DEBUGGING_SYMBOLS = YES;
				GCC_INLINES_ARE_PRIVATE_EXTERN = NO;
				GCC_OPTIMIZATION_LEVEL = 0;
				GCC_PREPROCESSOR_DEFINITIONS = ("'CMAKE_INTDIR=\"$(CONFIGURATION)$(EFFECTIVE_PLATFORM_NAME)\"'","$(inherited)");
				GCC_SYMBOLS_PRIVATE_EXTERN = NO;
				INSTALL_PATH = "";
				OTHER_LDFLAGS = ("","$(inherited)");
				OTHER_REZFLAGS = "";
				PRODUCT_NAME = install;
				SECTORDER_FLAGS = "";
				SYMROOT = /Users/bernardocohen/repos/library/cppDSA/cpp/XCode;
				USE_HEADERMAP = NO;
				WARNING_CFLAGS = ("$(inherited)");
			};
			name = Release;
		};
		79872B45D6D445CC84AF27F2 /* Debug */ = {
			isa = XCBuildConfiguration;
			buildSettings = {
				COMBINE_HIDPI_IMAGES = YES;
				GCC_GENERATE_DEBUGGING_SYMBOLS = YES;
				GCC_INLINES_ARE_PRIVATE_EXTERN = NO;
				GCC_OPTIMIZATION_LEVEL = 0;
				GCC_PREPROCESSOR_DEFINITIONS = ("'CMAKE_INTDIR=\"$(CONFIGURATION)$(EFFECTIVE_PLATFORM_NAME)\"'","$(inherited)");
				GCC_SYMBOLS_PRIVATE_EXTERN = NO;
				INSTALL_PATH = "";
				OTHER_LDFLAGS = ("","$(inherited)");
				OTHER_REZFLAGS = "";
				PRODUCT_NAME = ZERO_CHECK;
				SECTORDER_FLAGS = "";
				SYMROOT = /Users/bernardocohen/repos/library/cppDSA/cpp/XCode;
				USE_HEADERMAP = NO;
				WARNING_CFLAGS = ("$(inherited)");
			};
			name = Debug;
		};
		80DDA1283B6A41F59872E69A /* Release */ = {
			isa = XCBuildConfiguration;
			buildSettings = {
				COMBINE_HIDPI_IMAGES = YES;
				GCC_GENERATE_DEBUGGING_SYMBOLS = YES;
				GCC_INLINES_ARE_PRIVATE_EXTERN = NO;
				GCC_OPTIMIZATION_LEVEL = 0;
				GCC_PREPROCESSOR_DEFINITIONS = ("'CMAKE_INTDIR=\"$(CONFIGURATION)$(EFFECTIVE_PLATFORM_NAME)\"'","$(inherited)");
				GCC_SYMBOLS_PRIVATE_EXTERN = NO;
				INSTALL_PATH = "";
				OTHER_LDFLAGS = ("","$(inherited)");
				OTHER_REZFLAGS = "";
				PRODUCT_NAME = ZERO_CHECK;
				SECTORDER_FLAGS = "";
				SYMROOT = /Users/bernardocohen/repos/library/cppDSA/cpp/XCode;
				USE_HEADERMAP = NO;
				WARNING_CFLAGS = ("$(inherited)");
			};
			name = Release;
		};
		8AF66EC49DDD4BBF90029886 /* MinSizeRel */ = {
			isa = XCBuildConfiguration;
			buildSettings = {
				COMBINE_HIDPI_IMAGES = YES;
				GCC_GENERATE_DEBUGGING_SYMBOLS = YES;
				GCC_INLINES_ARE_PRIVATE_EXTERN = NO;
				GCC_OPTIMIZATION_LEVEL = 0;
				GCC_PREPROCESSOR_DEFINITIONS = ("'CMAKE_INTDIR=\"$(CONFIGURATION)$(EFFECTIVE_PLATFORM_NAME)\"'","$(inherited)");
				GCC_SYMBOLS_PRIVATE_EXTERN = NO;
				INSTALL_PATH = "";
				OTHER_LDFLAGS = ("","$(inherited)");
				OTHER_REZFLAGS = "";
				PRODUCT_NAME = ZERO_CHECK;
				SECTORDER_FLAGS = "";
				SYMROOT = /Users/bernardocohen/repos/library/cppDSA/cpp/XCode;
				USE_HEADERMAP = NO;
				WARNING_CFLAGS = ("$(inherited)");
			};
			name = MinSizeRel;
		};
		8D0F6F25D55A41CD8C70BCE9 /* MinSizeRel */ = {
			isa = XCBuildConfiguration;
			buildSettings = {
				ARCHS = "$(NATIVE_ARCH_ACTUAL)";
				ONLY_ACTIVE_ARCH = YES;
				SDKROOT = /Applications/Xcode.app/Contents/Developer/Platforms/MacOSX.platform/Developer/SDKs/MacOSX12.3.sdk;
				SYMROOT = /Users/bernardocohen/repos/library/cppDSA/cpp/XCode/build;
			};
			name = MinSizeRel;
		};
		92ED602D1DA2419C8C1759F5 /* MinSizeRel */ = {
			isa = XCBuildConfiguration;
			buildSettings = {
				COMBINE_HIDPI_IMAGES = YES;
				DYLIB_COMPATIBILITY_VERSION = "";
				DYLIB_CURRENT_VERSION = "";
				EXECUTABLE_PREFIX = lib;
				EXECUTABLE_SUFFIX = .dylib;
				GCC_GENERATE_DEBUGGING_SYMBOLS = NO;
				GCC_INLINES_ARE_PRIVATE_EXTERN = NO;
				GCC_OPTIMIZATION_LEVEL = s;
				GCC_PREPROCESSOR_DEFINITIONS = ("'CMAKE_INTDIR=\"$(CONFIGURATION)$(EFFECTIVE_PLATFORM_NAME)\"'",cppDSA_EXPORTS,"$(inherited)");
				GCC_SYMBOLS_PRIVATE_EXTERN = NO;
				HEADER_SEARCH_PATHS = (/usr/local/include,/Users/bernardocohen/repos/library/cppDSA/cpp/include/cppDSA_bits,"$(inherited)");
				INSTALL_PATH = "@rpath";
				LIBRARY_STYLE = DYNAMIC;
				OTHER_CPLUSPLUSFLAGS = "    -DNDEBUG -fPIC '-std=c++17' ";
				OTHER_LDFLAGS = (" -dynamiclib -Wl,-headerpad_max_install_names","$(inherited)");
				OTHER_REZFLAGS = "";
				PRODUCT_NAME = cppDSA;
				SECTORDER_FLAGS = "";
				SYMROOT = /Users/bernardocohen/repos/library/cppDSA/cpp/XCode;
				USE_HEADERMAP = NO;
				WARNING_CFLAGS = ("$(inherited)");
			};
			name = MinSizeRel;
		};
		9B89D1B76CE44DB78B39A8CA /* Debug */ = {
			isa = XCBuildConfiguration;
			buildSettings = {
				COMBINE_HIDPI_IMAGES = YES;
				DYLIB_COMPATIBILITY_VERSION = "";
				DYLIB_CURRENT_VERSION = "";
				EXECUTABLE_PREFIX = lib;
				EXECUTABLE_SUFFIX = .dylib;
				GCC_GENERATE_DEBUGGING_SYMBOLS = YES;
				GCC_INLINES_ARE_PRIVATE_EXTERN = NO;
				GCC_OPTIMIZATION_LEVEL = 0;
				GCC_PREPROCESSOR_DEFINITIONS = ("'CMAKE_INTDIR=\"$(CONFIGURATION)$(EFFECTIVE_PLATFORM_NAME)\"'",cppDSA_EXPORTS,"$(inherited)");
				GCC_SYMBOLS_PRIVATE_EXTERN = NO;
				HEADER_SEARCH_PATHS = (/usr/local/include,/Users/bernardocohen/repos/library/cppDSA/cpp/include/cppDSA_bits,"$(inherited)");
				INSTALL_PATH = "@rpath";
				LIBRARY_STYLE = DYNAMIC;
				OTHER_CPLUSPLUSFLAGS = "   -fPIC '-std=c++17' ";
				OTHER_LDFLAGS = (" -dynamiclib -Wl,-headerpad_max_install_names","$(inherited)");
				OTHER_REZFLAGS = "";
				PRODUCT_NAME = cppDSA;
				SECTORDER_FLAGS = "";
				SYMROOT = /Users/bernardocohen/repos/library/cppDSA/cpp/XCode;
				USE_HEADERMAP = NO;
				WARNING_CFLAGS = ("$(inherited)");
			};
			name = Debug;
		};
		9D3E42EC516D40B29951776C /* Release */ = {
			isa = XCBuildConfiguration;
			buildSettings = {
				COMBINE_HIDPI_IMAGES = YES;
				GCC_GENERATE_DEBUGGING_SYMBOLS = YES;
				GCC_INLINES_ARE_PRIVATE_EXTERN = NO;
				GCC_OPTIMIZATION_LEVEL = 0;
				GCC_PREPROCESSOR_DEFINITIONS = ("'CMAKE_INTDIR=\"$(CONFIGURATION)$(EFFECTIVE_PLATFORM_NAME)\"'","$(inherited)");
				GCC_SYMBOLS_PRIVATE_EXTERN = NO;
				INSTALL_PATH = "";
				OTHER_LDFLAGS = ("","$(inherited)");
				OTHER_REZFLAGS = "";
				PRODUCT_NAME = ALL_BUILD;
				SECTORDER_FLAGS = "";
				SYMROOT = /Users/bernardocohen/repos/library/cppDSA/cpp/XCode;
				USE_HEADERMAP = NO;
				WARNING_CFLAGS = ("$(inherited)");
			};
			name = Release;
		};
		B5CBED9355984BBBBD7677CD /* RelWithDebInfo */ = {
			isa = XCBuildConfiguration;
			buildSettings = {
				COMBINE_HIDPI_IMAGES = YES;
				DYLIB_COMPATIBILITY_VERSION = "";
				DYLIB_CURRENT_VERSION = "";
				EXECUTABLE_PREFIX = lib;
				EXECUTABLE_SUFFIX = .dylib;
				GCC_GENERATE_DEBUGGING_SYMBOLS = YES;
				GCC_INLINES_ARE_PRIVATE_EXTERN = NO;
				GCC_OPTIMIZATION_LEVEL = 2;
				GCC_PREPROCESSOR_DEFINITIONS = ("'CMAKE_INTDIR=\"$(CONFIGURATION)$(EFFECTIVE_PLATFORM_NAME)\"'",cppDSA_EXPORTS,"$(inherited)");
				GCC_SYMBOLS_PRIVATE_EXTERN = NO;
				HEADER_SEARCH_PATHS = (/usr/local/include,/Users/bernardocohen/repos/library/cppDSA/cpp/include/cppDSA_bits,"$(inherited)");
				INSTALL_PATH = "@rpath";
				LIBRARY_STYLE = DYNAMIC;
				OTHER_CPLUSPLUSFLAGS = "       -DNDEBUG -fPIC '-std=c++17' ";
				OTHER_LDFLAGS = (" -dynamiclib -Wl,-headerpad_max_install_names","$(inherited)");
				OTHER_REZFLAGS = "";
				PRODUCT_NAME = cppDSA;
				SECTORDER_FLAGS = "";
				SYMROOT = /Users/bernardocohen/repos/library/cppDSA/cpp/XCode;
				USE_HEADERMAP = NO;
				WARNING_CFLAGS = ("$(inherited)");
			};
			name = RelWithDebInfo;
		};
		E367043B0B8A446581AF26FC /* Debug */ = {
			isa = XCBuildConfiguration;
			buildSettings = {
				COMBINE_HIDPI_IMAGES = YES;
				GCC_GENERATE_DEBUGGING_SYMBOLS = YES;
				GCC_INLINES_ARE_PRIVATE_EXTERN = NO;
				GCC_OPTIMIZATION_LEVEL = 0;
				GCC_PREPROCESSOR_DEFINITIONS = ("'CMAKE_INTDIR=\"$(CONFIGURATION)$(EFFECTIVE_PLATFORM_NAME)\"'","$(inherited)");
				GCC_SYMBOLS_PRIVATE_EXTERN = NO;
				INSTALL_PATH = "";
				OTHER_LDFLAGS = ("","$(inherited)");
				OTHER_REZFLAGS = "";
				PRODUCT_NAME = ALL_BUILD;
				SECTORDER_FLAGS = "";
				SYMROOT = /Users/bernardocohen/repos/library/cppDSA/cpp/XCode;
				USE_HEADERMAP = NO;
				WARNING_CFLAGS = ("$(inherited)");
			};
			name = Debug;
		};
		E6ACCE1E717E436FA60E0135 /* RelWithDebInfo */ = {
			isa = XCBuildConfiguration;
			buildSettings = {
				ARCHS = "$(NATIVE_ARCH_ACTUAL)";
				ONLY_ACTIVE_ARCH = YES;
				SDKROOT = /Applications/Xcode.app/Contents/Developer/Platforms/MacOSX.platform/Developer/SDKs/MacOSX12.3.sdk;
				SYMROOT = /Users/bernardocohen/repos/library/cppDSA/cpp/XCode/build;
			};
			name = RelWithDebInfo;
		};
		F0F84E56F7B84F28B922A16D /* MinSizeRel */ = {
			isa = XCBuildConfiguration;
			buildSettings = {
				COMBINE_HIDPI_IMAGES = YES;
				GCC_GENERATE_DEBUGGING_SYMBOLS = YES;
				GCC_INLINES_ARE_PRIVATE_EXTERN = NO;
				GCC_OPTIMIZATION_LEVEL = 0;
				GCC_PREPROCESSOR_DEFINITIONS = ("'CMAKE_INTDIR=\"$(CONFIGURATION)$(EFFECTIVE_PLATFORM_NAME)\"'","$(inherited)");
				GCC_SYMBOLS_PRIVATE_EXTERN = NO;
				INSTALL_PATH = "";
				OTHER_LDFLAGS = ("","$(inherited)");
				OTHER_REZFLAGS = "";
				PRODUCT_NAME = ALL_BUILD;
				SECTORDER_FLAGS = "";
				SYMROOT = /Users/bernardocohen/repos/library/cppDSA/cpp/XCode;
				USE_HEADERMAP = NO;
				WARNING_CFLAGS = ("$(inherited)");
			};
			name = MinSizeRel;
		};
		F16AE29DBBC645FC8F95D05F /* RelWithDebInfo */ = {
			isa = XCBuildConfiguration;
			buildSettings = {
				COMBINE_HIDPI_IMAGES = YES;
				GCC_GENERATE_DEBUGGING_SYMBOLS = YES;
				GCC_INLINES_ARE_PRIVATE_EXTERN = NO;
				GCC_OPTIMIZATION_LEVEL = 0;
				GCC_PREPROCESSOR_DEFINITIONS = ("'CMAKE_INTDIR=\"$(CONFIGURATION)$(EFFECTIVE_PLATFORM_NAME)\"'","$(inherited)");
				GCC_SYMBOLS_PRIVATE_EXTERN = NO;
				INSTALL_PATH = "";
				OTHER_LDFLAGS = ("","$(inherited)");
				OTHER_REZFLAGS = "";
				PRODUCT_NAME = install;
				SECTORDER_FLAGS = "";
				SYMROOT = /Users/bernardocohen/repos/library/cppDSA/cpp/XCode;
				USE_HEADERMAP = NO;
				WARNING_CFLAGS = ("$(inherited)");
			};
			name = RelWithDebInfo;
		};
		FF9404DE3394451585B21217 /* RelWithDebInfo */ = {
			isa = XCBuildConfiguration;
			buildSettings = {
				COMBINE_HIDPI_IMAGES = YES;
				GCC_GENERATE_DEBUGGING_SYMBOLS = YES;
				GCC_INLINES_ARE_PRIVATE_EXTERN = NO;
				GCC_OPTIMIZATION_LEVEL = 0;
				GCC_PREPROCESSOR_DEFINITIONS = ("'CMAKE_INTDIR=\"$(CONFIGURATION)$(EFFECTIVE_PLATFORM_NAME)\"'","$(inherited)");
				GCC_SYMBOLS_PRIVATE_EXTERN = NO;
				INSTALL_PATH = "";
				OTHER_LDFLAGS = ("","$(inherited)");
				OTHER_REZFLAGS = "";
				PRODUCT_NAME = ZERO_CHECK;
				SECTORDER_FLAGS = "";
				SYMROOT = /Users/bernardocohen/repos/library/cppDSA/cpp/XCode;
				USE_HEADERMAP = NO;
				WARNING_CFLAGS = ("$(inherited)");
			};
			name = RelWithDebInfo;
		};
/* End XCBuildConfiguration section */

/* Begin XCConfigurationList section */
		0D89FD192FD8427FADCDB7DC /* Build configuration list for PBXProject "cppDSA" */ = {
			isa = XCConfigurationList;
			buildConfigurations = (
				200E77655BFB4643BD3B3530 /* Debug */,
				0B43B2A68EC2418C8B8B3E94 /* Release */,
				8D0F6F25D55A41CD8C70BCE9 /* MinSizeRel */,
				E6ACCE1E717E436FA60E0135 /* RelWithDebInfo */,
			);
			defaultConfigurationIsVisible = 0;
			defaultConfigurationName = Debug;
		};
		2D46C699577F40DA9189F1B5 /* Build configuration list for PBXAggregateTarget "install" */ = {
			isa = XCConfigurationList;
			buildConfigurations = (
				4AB812F605874FA399871CF5 /* Debug */,
				605FE81B650A4D7DA5AE90C0 /* Release */,
				009BF71D34F840E880D215A3 /* MinSizeRel */,
				F16AE29DBBC645FC8F95D05F /* RelWithDebInfo */,
			);
			defaultConfigurationIsVisible = 0;
			defaultConfigurationName = Debug;
		};
		3EC804206DAA40A98E82E581 /* Build configuration list for PBXAggregateTarget "ZERO_CHECK" */ = {
			isa = XCConfigurationList;
			buildConfigurations = (
				79872B45D6D445CC84AF27F2 /* Debug */,
				80DDA1283B6A41F59872E69A /* Release */,
				8AF66EC49DDD4BBF90029886 /* MinSizeRel */,
				FF9404DE3394451585B21217 /* RelWithDebInfo */,
			);
			defaultConfigurationIsVisible = 0;
			defaultConfigurationName = Debug;
		};
		B6B9E49FC0BA4F4B9B80AFC2 /* Build configuration list for PBXAggregateTarget "ALL_BUILD" */ = {
			isa = XCConfigurationList;
			buildConfigurations = (
				E367043B0B8A446581AF26FC /* Debug */,
				9D3E42EC516D40B29951776C /* Release */,
				F0F84E56F7B84F28B922A16D /* MinSizeRel */,
				3A8EB8FBCB8B4F0091173CE6 /* RelWithDebInfo */,
			);
			defaultConfigurationIsVisible = 0;
			defaultConfigurationName = Debug;
		};
		F85848DD7D3947AA8CD2B728 /* Build configuration list for PBXNativeTarget "cppDSA" */ = {
			isa = XCConfigurationList;
			buildConfigurations = (
				9B89D1B76CE44DB78B39A8CA /* Debug */,
				02DC8F00712B4E4180F75A94 /* Release */,
				92ED602D1DA2419C8C1759F5 /* MinSizeRel */,
				B5CBED9355984BBBBD7677CD /* RelWithDebInfo */,
			);
			defaultConfigurationIsVisible = 0;
			defaultConfigurationName = Debug;
		};
/* End XCConfigurationList section */
	};
	rootObject = 26DC71FB46D44BFD8635B03B /* Project object */;
}
