// !$*UTF8*$!
{
	archiveVersion = 1;
	classes = {
	};
	objectVersion = 46;
	objects = {

/* Begin PBXAggregateTarget section */
		7FADA5B5572B48EBB924EEC7 /* ZERO_CHECK */ = {
			isa = PBXAggregateTarget;
			buildConfigurationList = 6581A3CEEE2F46138ACA5580 /* Build configuration list for PBXAggregateTarget "ZERO_CHECK" */;
			buildPhases = (
				DD6F79E82102F137541931E5 /* Generate CMakeFiles/ZERO_CHECK */,
			);
			dependencies = (
			);
			name = ZERO_CHECK;
			productName = ZERO_CHECK;
		};
		AD3CD3FBF0774D7FAC1642CD /* install */ = {
			isa = PBXAggregateTarget;
			buildConfigurationList = 68B9028D940A4DB9A04C440F /* Build configuration list for PBXAggregateTarget "install" */;
			buildPhases = (
				93426DA6A4AC2C2AC9CE883C /* CMake PostBuild Rules */,
			);
			dependencies = (
				74BC590AB48B4EEBBAF5697A /* PBXTargetDependency */,
			);
			name = install;
			productName = install;
		};
		D65E2B955B174442BF9CBE36 /* ALL_BUILD */ = {
			isa = PBXAggregateTarget;
			buildConfigurationList = CEDBC6B5A15641599415D1C2 /* Build configuration list for PBXAggregateTarget "ALL_BUILD" */;
			buildPhases = (
				346F2EF516DC904D9A3165F8 /* Generate CMakeFiles/ALL_BUILD */,
			);
			dependencies = (
				6DCEACFFB86B434FB5DD11D3 /* PBXTargetDependency */,
				BB9078E973BC4144A7B5B2BE /* PBXTargetDependency */,
			);
			name = ALL_BUILD;
			productName = ALL_BUILD;
		};
/* End PBXAggregateTarget section */

/* Begin PBXBuildFile section */
		19770EA223B04C22B45E5282 /* /Users/bernardocohen/repos/library/cppTutorial1/cpp/src/particle.cpp */ = {isa = PBXBuildFile; fileRef = 7D1C282C8C834AB48A9C1121 /* /Users/bernardocohen/repos/library/cppTutorial1/cpp/src/particle.cpp */; };
		20BF263BBFAB41949A526E04 /* /Users/bernardocohen/repos/library/cppTutorial1/cpp/src/cat.cpp */ = {isa = PBXBuildFile; fileRef = 7E7498FB23AA4C32870FCB68 /* /Users/bernardocohen/repos/library/cppTutorial1/cpp/src/cat.cpp */; };
		3AD59186D7CC493AABF6C665 /* /Users/bernardocohen/repos/library/cppTutorial1/cpp/include/cppTutorial1_bits/screen.hpp */ = {isa = PBXBuildFile; fileRef = B9B10C7B048642BAACA3C7AA /* /Users/bernardocohen/repos/library/cppTutorial1/cpp/include/cppTutorial1_bits/screen.hpp */; };
		3C271F910D994618AF3955EB /* /Users/bernardocohen/repos/library/cppTutorial1/cpp/include/cppTutorial1_bits/swarm.hpp */ = {isa = PBXBuildFile; fileRef = 51BBDEFCAA00491797D57AE8 /* /Users/bernardocohen/repos/library/cppTutorial1/cpp/include/cppTutorial1_bits/swarm.hpp */; };
		5C0E2FCDB44745BCADB2CD8D /* /Users/bernardocohen/repos/library/cppTutorial1/cpp/include/cppTutorial1_bits/test.hpp */ = {isa = PBXBuildFile; fileRef = A8B20830C0DB409B804FCB53 /* /Users/bernardocohen/repos/library/cppTutorial1/cpp/include/cppTutorial1_bits/test.hpp */; };
		81D00861A03B4EAFB1CC22AF /* /Users/bernardocohen/repos/library/cppTutorial1/cpp/CMakeLists.txt */ = {isa = PBXBuildFile; fileRef = C4E8307828904C168BB31533 /* /Users/bernardocohen/repos/library/cppTutorial1/cpp/CMakeLists.txt */; };
		83EB3659D63B4780919D46DD /* /Users/bernardocohen/repos/library/cppTutorial1/cpp/include/cppTutorial1_bits/cat.hpp */ = {isa = PBXBuildFile; fileRef = 52538E2B685F4586B70337C4 /* /Users/bernardocohen/repos/library/cppTutorial1/cpp/include/cppTutorial1_bits/cat.hpp */; };
		840FAAF4078D457190C66D7B /* /Users/bernardocohen/repos/library/cppTutorial1/cpp/include/cppTutorial1_bits/utils.hpp */ = {isa = PBXBuildFile; fileRef = CCBDF6D8BC2845A09676D2F8 /* /Users/bernardocohen/repos/library/cppTutorial1/cpp/include/cppTutorial1_bits/utils.hpp */; };
		889F2BE8F75D4157AAD6568B /* /Users/bernardocohen/repos/library/cppTutorial1/cpp/include/cppTutorial1_bits/person.hpp */ = {isa = PBXBuildFile; fileRef = 362EEF387DD64071BF07A1E5 /* /Users/bernardocohen/repos/library/cppTutorial1/cpp/include/cppTutorial1_bits/person.hpp */; };
		8B5F692F94C941DBAC74E975 /* /Users/bernardocohen/repos/library/cppTutorial1/cpp/include/cppTutorial1_bits/testingSDL.hpp */ = {isa = PBXBuildFile; fileRef = D44E37AF921348CD9456476E /* /Users/bernardocohen/repos/library/cppTutorial1/cpp/include/cppTutorial1_bits/testingSDL.hpp */; };
		98AA7A3D53644A3FB07A0D2F /* /Users/bernardocohen/repos/library/cppTutorial1/cpp/src/test.cpp */ = {isa = PBXBuildFile; fileRef = C3E2DCD1858E42B99C02D3F0 /* /Users/bernardocohen/repos/library/cppTutorial1/cpp/src/test.cpp */; };
		A3578F6B50F243CB9CF84BDF /* /Users/bernardocohen/repos/library/cppTutorial1/cpp/src/testingSDL.cpp */ = {isa = PBXBuildFile; fileRef = 75F16AAB416F4CFC944D3E18 /* /Users/bernardocohen/repos/library/cppTutorial1/cpp/src/testingSDL.cpp */; };
		A39D730BC3E044FB8F8E6914 /* /Users/bernardocohen/repos/library/cppTutorial1/cpp/include/cppTutorial1_bits/particle.hpp */ = {isa = PBXBuildFile; fileRef = 683F354D8EA34BBABF28EFF0 /* /Users/bernardocohen/repos/library/cppTutorial1/cpp/include/cppTutorial1_bits/particle.hpp */; };
		A6C32D1525DE4C2C9289B3FD /* /Users/bernardocohen/repos/library/cppTutorial1/cpp/src/utils.cpp */ = {isa = PBXBuildFile; fileRef = EB5F95BB02DF451C90704D04 /* /Users/bernardocohen/repos/library/cppTutorial1/cpp/src/utils.cpp */; };
		ABAAC0C361C04DAF8A403C9D /* /Users/bernardocohen/repos/library/cppTutorial1/cpp/src/person.cpp */ = {isa = PBXBuildFile; fileRef = 476305BEC7B346DABED0E0ED /* /Users/bernardocohen/repos/library/cppTutorial1/cpp/src/person.cpp */; };
		AE0330D2EE55456D982A2145 /* /Users/bernardocohen/repos/library/cppTutorial1/cpp/src/swarm.cpp */ = {isa = PBXBuildFile; fileRef = 1DAC30FFC53C4A918450279E /* /Users/bernardocohen/repos/library/cppTutorial1/cpp/src/swarm.cpp */; };
		E4AC8A3824044C47A4D5BC6B /* /Users/bernardocohen/repos/library/cppTutorial1/cpp/src/screen.cpp */ = {isa = PBXBuildFile; fileRef = 72728B6C92A34857B9F45E73 /* /Users/bernardocohen/repos/library/cppTutorial1/cpp/src/screen.cpp */; };
/* End PBXBuildFile section */

/* Begin PBXBuildStyle section */
		1A6F8D6D2E004C7E886ECBA1 /* MinSizeRel */ = {
			isa = PBXBuildStyle;
			buildSettings = {
				COPY_PHASE_STRIP = NO;
			};
			name = MinSizeRel;
		};
		24D8275F144A4E0EB9867C72 /* Release */ = {
			isa = PBXBuildStyle;
			buildSettings = {
				COPY_PHASE_STRIP = NO;
			};
			name = Release;
		};
		47D9BC18D3F9466BA6F2EDFF /* RelWithDebInfo */ = {
			isa = PBXBuildStyle;
			buildSettings = {
				COPY_PHASE_STRIP = NO;
			};
			name = RelWithDebInfo;
		};
		D8C07D4029644EE5863E9117 /* Debug */ = {
			isa = PBXBuildStyle;
			buildSettings = {
				COPY_PHASE_STRIP = NO;
			};
			name = Debug;
		};
/* End PBXBuildStyle section */

/* Begin PBXContainerItemProxy section */
		0B1D723BBA134CA78D4256C3 /* PBXContainerItemProxy */ = {
			isa = PBXContainerItemProxy;
			containerPortal = AD0032C09B4D4226B4B6F716 /* Project object */;
			proxyType = 1;
			remoteGlobalIDString = D65E2B955B174442BF9CBE36;
			remoteInfo = ALL_BUILD;
		};
		0C839CE59D4545D78494F538 /* PBXContainerItemProxy */ = {
			isa = PBXContainerItemProxy;
			containerPortal = AD0032C09B4D4226B4B6F716 /* Project object */;
			proxyType = 1;
			remoteGlobalIDString = 7FADA5B5572B48EBB924EEC7;
			remoteInfo = ZERO_CHECK;
		};
		5ABD9EEF35824BF4A3A56F55 /* PBXContainerItemProxy */ = {
			isa = PBXContainerItemProxy;
			containerPortal = AD0032C09B4D4226B4B6F716 /* Project object */;
			proxyType = 1;
			remoteGlobalIDString = 6AF09A477EAE495B8F822EA3;
			remoteInfo = cppTutorial1;
		};
		98ABFAA6FE014DEA9E086370 /* PBXContainerItemProxy */ = {
			isa = PBXContainerItemProxy;
			containerPortal = AD0032C09B4D4226B4B6F716 /* Project object */;
			proxyType = 1;
			remoteGlobalIDString = 7FADA5B5572B48EBB924EEC7;
			remoteInfo = ZERO_CHECK;
		};
/* End PBXContainerItemProxy section */

/* Begin PBXFileReference section */
		1DAC30FFC53C4A918450279E /* /Users/bernardocohen/repos/library/cppTutorial1/cpp/src/swarm.cpp */ = {isa = PBXFileReference; explicitFileType = sourcecode.cpp.cpp; fileEncoding = 4; name = swarm.cpp; path = src/swarm.cpp; sourceTree = SOURCE_ROOT; };
		3056640E7E364BDE95C6C341 /* cppTutorial1 */ = {isa = PBXFileReference; explicitFileType = "compiled.mach-o.dylib"; path = libcppTutorial1.dylib; sourceTree = BUILT_PRODUCTS_DIR; };
		362EEF387DD64071BF07A1E5 /* /Users/bernardocohen/repos/library/cppTutorial1/cpp/include/cppTutorial1_bits/person.hpp */ = {isa = PBXFileReference; explicitFileType = sourcecode.cpp.h; fileEncoding = 4; name = person.hpp; path = include/cppTutorial1_bits/person.hpp; sourceTree = SOURCE_ROOT; };
		476305BEC7B346DABED0E0ED /* /Users/bernardocohen/repos/library/cppTutorial1/cpp/src/person.cpp */ = {isa = PBXFileReference; explicitFileType = sourcecode.cpp.cpp; fileEncoding = 4; name = person.cpp; path = src/person.cpp; sourceTree = SOURCE_ROOT; };
		51BBDEFCAA00491797D57AE8 /* /Users/bernardocohen/repos/library/cppTutorial1/cpp/include/cppTutorial1_bits/swarm.hpp */ = {isa = PBXFileReference; explicitFileType = sourcecode.cpp.h; fileEncoding = 4; name = swarm.hpp; path = include/cppTutorial1_bits/swarm.hpp; sourceTree = SOURCE_ROOT; };
		52538E2B685F4586B70337C4 /* /Users/bernardocohen/repos/library/cppTutorial1/cpp/include/cppTutorial1_bits/cat.hpp */ = {isa = PBXFileReference; explicitFileType = sourcecode.cpp.h; fileEncoding = 4; name = cat.hpp; path = include/cppTutorial1_bits/cat.hpp; sourceTree = SOURCE_ROOT; };
		63FD1EC3438C40FAB77CD959 /* /Users/bernardocohen/repos/library/cppTutorial1/cpp/CMakeLists.txt */ = {isa = PBXFileReference; explicitFileType = sourcecode.text; fileEncoding = 4; name = CMakeLists.txt; path = CMakeLists.txt; sourceTree = SOURCE_ROOT; };
		683F354D8EA34BBABF28EFF0 /* /Users/bernardocohen/repos/library/cppTutorial1/cpp/include/cppTutorial1_bits/particle.hpp */ = {isa = PBXFileReference; explicitFileType = sourcecode.cpp.h; fileEncoding = 4; name = particle.hpp; path = include/cppTutorial1_bits/particle.hpp; sourceTree = SOURCE_ROOT; };
		72728B6C92A34857B9F45E73 /* /Users/bernardocohen/repos/library/cppTutorial1/cpp/src/screen.cpp */ = {isa = PBXFileReference; explicitFileType = sourcecode.cpp.cpp; fileEncoding = 4; name = screen.cpp; path = src/screen.cpp; sourceTree = SOURCE_ROOT; };
		75F16AAB416F4CFC944D3E18 /* /Users/bernardocohen/repos/library/cppTutorial1/cpp/src/testingSDL.cpp */ = {isa = PBXFileReference; explicitFileType = sourcecode.cpp.cpp; fileEncoding = 4; name = testingSDL.cpp; path = src/testingSDL.cpp; sourceTree = SOURCE_ROOT; };
		7D1C282C8C834AB48A9C1121 /* /Users/bernardocohen/repos/library/cppTutorial1/cpp/src/particle.cpp */ = {isa = PBXFileReference; explicitFileType = sourcecode.cpp.cpp; fileEncoding = 4; name = particle.cpp; path = src/particle.cpp; sourceTree = SOURCE_ROOT; };
		7E7498FB23AA4C32870FCB68 /* /Users/bernardocohen/repos/library/cppTutorial1/cpp/src/cat.cpp */ = {isa = PBXFileReference; explicitFileType = sourcecode.cpp.cpp; fileEncoding = 4; name = cat.cpp; path = src/cat.cpp; sourceTree = SOURCE_ROOT; };
		A8B20830C0DB409B804FCB53 /* /Users/bernardocohen/repos/library/cppTutorial1/cpp/include/cppTutorial1_bits/test.hpp */ = {isa = PBXFileReference; explicitFileType = sourcecode.cpp.h; fileEncoding = 4; name = test.hpp; path = include/cppTutorial1_bits/test.hpp; sourceTree = SOURCE_ROOT; };
		B9B10C7B048642BAACA3C7AA /* /Users/bernardocohen/repos/library/cppTutorial1/cpp/include/cppTutorial1_bits/screen.hpp */ = {isa = PBXFileReference; explicitFileType = sourcecode.cpp.h; fileEncoding = 4; name = screen.hpp; path = include/cppTutorial1_bits/screen.hpp; sourceTree = SOURCE_ROOT; };
		C3E2DCD1858E42B99C02D3F0 /* /Users/bernardocohen/repos/library/cppTutorial1/cpp/src/test.cpp */ = {isa = PBXFileReference; explicitFileType = sourcecode.cpp.cpp; fileEncoding = 4; name = test.cpp; path = src/test.cpp; sourceTree = SOURCE_ROOT; };
		C4E8307828904C168BB31533 /* /Users/bernardocohen/repos/library/cppTutorial1/cpp/CMakeLists.txt */ = {isa = PBXFileReference; explicitFileType = sourcecode.text; fileEncoding = 4; name = CMakeLists.txt; path = CMakeLists.txt; sourceTree = SOURCE_ROOT; };
		CCBDF6D8BC2845A09676D2F8 /* /Users/bernardocohen/repos/library/cppTutorial1/cpp/include/cppTutorial1_bits/utils.hpp */ = {isa = PBXFileReference; explicitFileType = sourcecode.cpp.h; fileEncoding = 4; name = utils.hpp; path = include/cppTutorial1_bits/utils.hpp; sourceTree = SOURCE_ROOT; };
		D44E37AF921348CD9456476E /* /Users/bernardocohen/repos/library/cppTutorial1/cpp/include/cppTutorial1_bits/testingSDL.hpp */ = {isa = PBXFileReference; explicitFileType = sourcecode.cpp.h; fileEncoding = 4; name = testingSDL.hpp; path = include/cppTutorial1_bits/testingSDL.hpp; sourceTree = SOURCE_ROOT; };
		EB5F95BB02DF451C90704D04 /* /Users/bernardocohen/repos/library/cppTutorial1/cpp/src/utils.cpp */ = {isa = PBXFileReference; explicitFileType = sourcecode.cpp.cpp; fileEncoding = 4; name = utils.cpp; path = src/utils.cpp; sourceTree = SOURCE_ROOT; };
/* End PBXFileReference section */

/* Begin PBXFrameworksBuildPhase section */
		9C7AAFA7B01143909F886015 /* Frameworks */ = {
			isa = PBXFrameworksBuildPhase;
			buildActionMask = 2147483647;
			files = (
			);
			runOnlyForDeploymentPostprocessing = 0;
		};
/* End PBXFrameworksBuildPhase section */

/* Begin PBXGroup section */
		16180A33AB224E33AE97F786 /* cppTutorial1_bits */ = {
			isa = PBXGroup;
			children = (
				52538E2B685F4586B70337C4 /* /Users/bernardocohen/repos/library/cppTutorial1/cpp/include/cppTutorial1_bits/cat.hpp */,
				683F354D8EA34BBABF28EFF0 /* /Users/bernardocohen/repos/library/cppTutorial1/cpp/include/cppTutorial1_bits/particle.hpp */,
				362EEF387DD64071BF07A1E5 /* /Users/bernardocohen/repos/library/cppTutorial1/cpp/include/cppTutorial1_bits/person.hpp */,
				B9B10C7B048642BAACA3C7AA /* /Users/bernardocohen/repos/library/cppTutorial1/cpp/include/cppTutorial1_bits/screen.hpp */,
				51BBDEFCAA00491797D57AE8 /* /Users/bernardocohen/repos/library/cppTutorial1/cpp/include/cppTutorial1_bits/swarm.hpp */,
				A8B20830C0DB409B804FCB53 /* /Users/bernardocohen/repos/library/cppTutorial1/cpp/include/cppTutorial1_bits/test.hpp */,
				D44E37AF921348CD9456476E /* /Users/bernardocohen/repos/library/cppTutorial1/cpp/include/cppTutorial1_bits/testingSDL.hpp */,
				CCBDF6D8BC2845A09676D2F8 /* /Users/bernardocohen/repos/library/cppTutorial1/cpp/include/cppTutorial1_bits/utils.hpp */,
			);
			name = cppTutorial1_bits;
			sourceTree = "<group>";
		};
		35D3313EA2AD46AF854D04C8 = {
			isa = PBXGroup;
			children = (
				EEC9B91BD2414657973F001E /* cppTutorial1 */,
				5430E17F81F9402C8828A1D5 /* ALL_BUILD */,
				9807F0C62F984A41B61C57C2 /* Products */,
				89AACC1C0AFF4B789172719B /* Frameworks */,
			);
			sourceTree = "<group>";
		};
		5430E17F81F9402C8828A1D5 /* ALL_BUILD */ = {
			isa = PBXGroup;
			children = (
				577D135720524C1D9BA42715 /* CMake Rules */,
				63FD1EC3438C40FAB77CD959 /* /Users/bernardocohen/repos/library/cppTutorial1/cpp/CMakeLists.txt */,
			);
			name = ALL_BUILD;
			sourceTree = "<group>";
		};
		577D135720524C1D9BA42715 /* CMake Rules */ = {
			isa = PBXGroup;
			children = (
			);
			name = "CMake Rules";
			sourceTree = "<group>";
		};
		89AACC1C0AFF4B789172719B /* Frameworks */ = {
			isa = PBXGroup;
			children = (
			);
			name = Frameworks;
			sourceTree = "<group>";
		};
		9807F0C62F984A41B61C57C2 /* Products */ = {
			isa = PBXGroup;
			children = (
				3056640E7E364BDE95C6C341 /* cppTutorial1 */,
			);
			name = Products;
			sourceTree = "<group>";
		};
		A1563E04092948E6AB8EC3A9 /* include */ = {
			isa = PBXGroup;
			children = (
				16180A33AB224E33AE97F786 /* cppTutorial1_bits */,
			);
			name = include;
			sourceTree = "<group>";
		};
		A6BBE481817344B68738CAA1 /* src */ = {
			isa = PBXGroup;
			children = (
				7E7498FB23AA4C32870FCB68 /* /Users/bernardocohen/repos/library/cppTutorial1/cpp/src/cat.cpp */,
				7D1C282C8C834AB48A9C1121 /* /Users/bernardocohen/repos/library/cppTutorial1/cpp/src/particle.cpp */,
				476305BEC7B346DABED0E0ED /* /Users/bernardocohen/repos/library/cppTutorial1/cpp/src/person.cpp */,
				72728B6C92A34857B9F45E73 /* /Users/bernardocohen/repos/library/cppTutorial1/cpp/src/screen.cpp */,
				1DAC30FFC53C4A918450279E /* /Users/bernardocohen/repos/library/cppTutorial1/cpp/src/swarm.cpp */,
				C3E2DCD1858E42B99C02D3F0 /* /Users/bernardocohen/repos/library/cppTutorial1/cpp/src/test.cpp */,
				75F16AAB416F4CFC944D3E18 /* /Users/bernardocohen/repos/library/cppTutorial1/cpp/src/testingSDL.cpp */,
				EB5F95BB02DF451C90704D04 /* /Users/bernardocohen/repos/library/cppTutorial1/cpp/src/utils.cpp */,
			);
			name = src;
			sourceTree = "<group>";
		};
		EEC9B91BD2414657973F001E /* cppTutorial1 */ = {
			isa = PBXGroup;
			children = (
				A1563E04092948E6AB8EC3A9 /* include */,
				A6BBE481817344B68738CAA1 /* src */,
				C4E8307828904C168BB31533 /* /Users/bernardocohen/repos/library/cppTutorial1/cpp/CMakeLists.txt */,
			);
			name = cppTutorial1;
			sourceTree = "<group>";
		};
/* End PBXGroup section */

/* Begin PBXNativeTarget section */
		6AF09A477EAE495B8F822EA3 /* cppTutorial1 */ = {
			isa = PBXNativeTarget;
			buildConfigurationList = C6B6561415904CC080481FF7 /* Build configuration list for PBXNativeTarget "cppTutorial1" */;
			buildPhases = (
				42EC5DE6631C4D4CAA91B15B /* Sources */,
				9C7AAFA7B01143909F886015 /* Frameworks */,
				29850BE6CB37DFDDB823F3AC /* CMake PostBuild Rules */,
			);
			buildRules = (
			);
			dependencies = (
				69E63469ADEF452993F4E669 /* PBXTargetDependency */,
			);
			name = cppTutorial1;
			productName = cppTutorial1;
			productReference = 3056640E7E364BDE95C6C341 /* cppTutorial1 */;
			productType = "com.apple.product-type.library.dynamic";
		};
/* End PBXNativeTarget section */

/* Begin PBXProject section */
		AD0032C09B4D4226B4B6F716 /* Project object */ = {
			isa = PBXProject;
			attributes = {
				BuildIndependentTargetsInParallel = YES;
				LastUpgradeCheck = 1330;
			};
			buildConfigurationList = A397DD6AA24A4D3998AF66F0 /* Build configuration list for PBXProject "cppTutorial1" */;
			buildSettings = {
			};
			buildStyles = (
				D8C07D4029644EE5863E9117 /* Debug */,
				24D8275F144A4E0EB9867C72 /* Release */,
				1A6F8D6D2E004C7E886ECBA1 /* MinSizeRel */,
				47D9BC18D3F9466BA6F2EDFF /* RelWithDebInfo */,
			);
			compatibilityVersion = "Xcode 3.2";
			hasScannedForEncodings = 0;
			mainGroup = 35D3313EA2AD46AF854D04C8;
			projectDirPath = ../;
			projectRoot = "";
			targets = (
				D65E2B955B174442BF9CBE36 /* ALL_BUILD */,
				7FADA5B5572B48EBB924EEC7 /* ZERO_CHECK */,
				6AF09A477EAE495B8F822EA3 /* cppTutorial1 */,
				AD3CD3FBF0774D7FAC1642CD /* install */,
			);
		};
/* End PBXProject section */

/* Begin PBXShellScriptBuildPhase section */
		29850BE6CB37DFDDB823F3AC /* CMake PostBuild Rules */ = {
			isa = PBXShellScriptBuildPhase;
			alwaysOutOfDate = 1;
			buildActionMask = 2147483647;
			files = (
			);
			name = "CMake PostBuild Rules";
			outputPaths = (
			);
			runOnlyForDeploymentPostprocessing = 0;
			shellPath = /bin/sh;
			shellScript = "set -e
if test \"$CONFIGURATION\" = \"Debug\"; then :
  cd /Users/bernardocohen/repos/library/cppTutorial1/cpp/XCode
  /usr/local/Cellar/cmake/3.22.0/bin/cmake -E cmake_symlink_library /Users/bernardocohen/repos/library/cppTutorial1/cpp/XCode/Debug/libcppTutorial1.dylib /Users/bernardocohen/repos/library/cppTutorial1/cpp/XCode/Debug/libcppTutorial1.dylib /Users/bernardocohen/repos/library/cppTutorial1/cpp/XCode/Debug/libcppTutorial1.dylib
fi
if test \"$CONFIGURATION\" = \"Release\"; then :
  cd /Users/bernardocohen/repos/library/cppTutorial1/cpp/XCode
  /usr/local/Cellar/cmake/3.22.0/bin/cmake -E cmake_symlink_library /Users/bernardocohen/repos/library/cppTutorial1/cpp/XCode/Release/libcppTutorial1.dylib /Users/bernardocohen/repos/library/cppTutorial1/cpp/XCode/Release/libcppTutorial1.dylib /Users/bernardocohen/repos/library/cppTutorial1/cpp/XCode/Release/libcppTutorial1.dylib
fi
if test \"$CONFIGURATION\" = \"MinSizeRel\"; then :
  cd /Users/bernardocohen/repos/library/cppTutorial1/cpp/XCode
  /usr/local/Cellar/cmake/3.22.0/bin/cmake -E cmake_symlink_library /Users/bernardocohen/repos/library/cppTutorial1/cpp/XCode/MinSizeRel/libcppTutorial1.dylib /Users/bernardocohen/repos/library/cppTutorial1/cpp/XCode/MinSizeRel/libcppTutorial1.dylib /Users/bernardocohen/repos/library/cppTutorial1/cpp/XCode/MinSizeRel/libcppTutorial1.dylib
fi
if test \"$CONFIGURATION\" = \"RelWithDebInfo\"; then :
  cd /Users/bernardocohen/repos/library/cppTutorial1/cpp/XCode
  /usr/local/Cellar/cmake/3.22.0/bin/cmake -E cmake_symlink_library /Users/bernardocohen/repos/library/cppTutorial1/cpp/XCode/RelWithDebInfo/libcppTutorial1.dylib /Users/bernardocohen/repos/library/cppTutorial1/cpp/XCode/RelWithDebInfo/libcppTutorial1.dylib /Users/bernardocohen/repos/library/cppTutorial1/cpp/XCode/RelWithDebInfo/libcppTutorial1.dylib
fi
";
			showEnvVarsInLog = 0;
		};
		346F2EF516DC904D9A3165F8 /* Generate CMakeFiles/ALL_BUILD */ = {
			isa = PBXShellScriptBuildPhase;
			alwaysOutOfDate = 1;
			buildActionMask = 2147483647;
			files = (
			);
			inputPaths = (
			);
			name = "Generate CMakeFiles/ALL_BUILD";
			outputPaths = (
/Users/bernardocohen/repos/library/cppTutorial1/cpp/XCode/CMakeFiles/ALL_BUILD			);
			runOnlyForDeploymentPostprocessing = 0;
			shellPath = /bin/sh;
			shellScript = "set -e
if test \"$CONFIGURATION\" = \"Debug\"; then :
  cd /Users/bernardocohen/repos/library/cppTutorial1/cpp/XCode
  echo Build\\ all\\ projects
fi
if test \"$CONFIGURATION\" = \"Release\"; then :
  cd /Users/bernardocohen/repos/library/cppTutorial1/cpp/XCode
  echo Build\\ all\\ projects
fi
if test \"$CONFIGURATION\" = \"MinSizeRel\"; then :
  cd /Users/bernardocohen/repos/library/cppTutorial1/cpp/XCode
  echo Build\\ all\\ projects
fi
if test \"$CONFIGURATION\" = \"RelWithDebInfo\"; then :
  cd /Users/bernardocohen/repos/library/cppTutorial1/cpp/XCode
  echo Build\\ all\\ projects
fi
";
			showEnvVarsInLog = 0;
		};
		3C0110FC8322DE7E50886E21 = {
			isa = PBXShellScriptBuildPhase;
			buildActionMask = 2147483647;
			files = (
			);
			inputPaths = (
			);
			outputPaths = (
			);
			runOnlyForDeploymentPostprocessing = 0;
			shellPath = /bin/sh;
			shellScript = "# shell script goes here
exit 0";
			showEnvVarsInLog = 0;
		};
		87AF4882E018677E2624B544 = {
			isa = PBXShellScriptBuildPhase;
			buildActionMask = 2147483647;
			files = (
			);
			inputPaths = (
			);
			outputPaths = (
			);
			runOnlyForDeploymentPostprocessing = 0;
			shellPath = /bin/sh;
			shellScript = "# shell script goes here
exit 0";
			showEnvVarsInLog = 0;
		};
		93426DA6A4AC2C2AC9CE883C /* CMake PostBuild Rules */ = {
			isa = PBXShellScriptBuildPhase;
			alwaysOutOfDate = 1;
			buildActionMask = 2147483647;
			files = (
			);
			name = "CMake PostBuild Rules";
			outputPaths = (
			);
			runOnlyForDeploymentPostprocessing = 0;
			shellPath = /bin/sh;
			shellScript = "set -e
if test \"$CONFIGURATION\" = \"Debug\"; then :
  cd /Users/bernardocohen/repos/library/cppTutorial1/cpp/XCode
  /usr/local/Cellar/cmake/3.22.0/bin/cmake -DBUILD_TYPE=$CONFIGURATION$EFFECTIVE_PLATFORM_NAME -P cmake_install.cmake
fi
if test \"$CONFIGURATION\" = \"Release\"; then :
  cd /Users/bernardocohen/repos/library/cppTutorial1/cpp/XCode
  /usr/local/Cellar/cmake/3.22.0/bin/cmake -DBUILD_TYPE=$CONFIGURATION$EFFECTIVE_PLATFORM_NAME -P cmake_install.cmake
fi
if test \"$CONFIGURATION\" = \"MinSizeRel\"; then :
  cd /Users/bernardocohen/repos/library/cppTutorial1/cpp/XCode
  /usr/local/Cellar/cmake/3.22.0/bin/cmake -DBUILD_TYPE=$CONFIGURATION$EFFECTIVE_PLATFORM_NAME -P cmake_install.cmake
fi
if test \"$CONFIGURATION\" = \"RelWithDebInfo\"; then :
  cd /Users/bernardocohen/repos/library/cppTutorial1/cpp/XCode
  /usr/local/Cellar/cmake/3.22.0/bin/cmake -DBUILD_TYPE=$CONFIGURATION$EFFECTIVE_PLATFORM_NAME -P cmake_install.cmake
fi
";
			showEnvVarsInLog = 0;
		};
		9B50530E35CC49C82C2FACCF = {
			isa = PBXShellScriptBuildPhase;
			buildActionMask = 2147483647;
			files = (
			);
			inputPaths = (
			);
			outputPaths = (
			);
			runOnlyForDeploymentPostprocessing = 0;
			shellPath = /bin/sh;
			shellScript = "# shell script goes here
exit 0";
			showEnvVarsInLog = 0;
		};
		DD6F79E82102F137541931E5 /* Generate CMakeFiles/ZERO_CHECK */ = {
			isa = PBXShellScriptBuildPhase;
			alwaysOutOfDate = 1;
			buildActionMask = 2147483647;
			files = (
			);
			inputPaths = (
			);
			name = "Generate CMakeFiles/ZERO_CHECK";
			outputPaths = (
/Users/bernardocohen/repos/library/cppTutorial1/cpp/XCode/CMakeFiles/ZERO_CHECK			);
			runOnlyForDeploymentPostprocessing = 0;
			shellPath = /bin/sh;
			shellScript = "set -e
if test \"$CONFIGURATION\" = \"Debug\"; then :
  cd /Users/bernardocohen/repos/library/cppTutorial1/cpp/XCode
  make -f /Users/bernardocohen/repos/library/cppTutorial1/cpp/XCode/CMakeScripts/ReRunCMake.make
fi
if test \"$CONFIGURATION\" = \"Release\"; then :
  cd /Users/bernardocohen/repos/library/cppTutorial1/cpp/XCode
  make -f /Users/bernardocohen/repos/library/cppTutorial1/cpp/XCode/CMakeScripts/ReRunCMake.make
fi
if test \"$CONFIGURATION\" = \"MinSizeRel\"; then :
  cd /Users/bernardocohen/repos/library/cppTutorial1/cpp/XCode
  make -f /Users/bernardocohen/repos/library/cppTutorial1/cpp/XCode/CMakeScripts/ReRunCMake.make
fi
if test \"$CONFIGURATION\" = \"RelWithDebInfo\"; then :
  cd /Users/bernardocohen/repos/library/cppTutorial1/cpp/XCode
  make -f /Users/bernardocohen/repos/library/cppTutorial1/cpp/XCode/CMakeScripts/ReRunCMake.make
fi
";
			showEnvVarsInLog = 0;
		};
/* End PBXShellScriptBuildPhase section */

/* Begin PBXSourcesBuildPhase section */
		42EC5DE6631C4D4CAA91B15B /* Sources */ = {
			isa = PBXSourcesBuildPhase;
			buildActionMask = 2147483647;
			files = (
				20BF263BBFAB41949A526E04 /* /Users/bernardocohen/repos/library/cppTutorial1/cpp/src/cat.cpp */,
				19770EA223B04C22B45E5282 /* /Users/bernardocohen/repos/library/cppTutorial1/cpp/src/particle.cpp */,
				ABAAC0C361C04DAF8A403C9D /* /Users/bernardocohen/repos/library/cppTutorial1/cpp/src/person.cpp */,
				E4AC8A3824044C47A4D5BC6B /* /Users/bernardocohen/repos/library/cppTutorial1/cpp/src/screen.cpp */,
				AE0330D2EE55456D982A2145 /* /Users/bernardocohen/repos/library/cppTutorial1/cpp/src/swarm.cpp */,
				98AA7A3D53644A3FB07A0D2F /* /Users/bernardocohen/repos/library/cppTutorial1/cpp/src/test.cpp */,
				A3578F6B50F243CB9CF84BDF /* /Users/bernardocohen/repos/library/cppTutorial1/cpp/src/testingSDL.cpp */,
				A6C32D1525DE4C2C9289B3FD /* /Users/bernardocohen/repos/library/cppTutorial1/cpp/src/utils.cpp */,
			);
			runOnlyForDeploymentPostprocessing = 0;
		};
/* End PBXSourcesBuildPhase section */

/* Begin PBXTargetDependency section */
		69E63469ADEF452993F4E669 /* PBXTargetDependency */ = {
			isa = PBXTargetDependency;
			target = 7FADA5B5572B48EBB924EEC7 /* ZERO_CHECK */;
			targetProxy = 0C839CE59D4545D78494F538 /* PBXContainerItemProxy */;
		};
		6DCEACFFB86B434FB5DD11D3 /* PBXTargetDependency */ = {
			isa = PBXTargetDependency;
			target = 6AF09A477EAE495B8F822EA3 /* cppTutorial1 */;
			targetProxy = 5ABD9EEF35824BF4A3A56F55 /* PBXContainerItemProxy */;
		};
		74BC590AB48B4EEBBAF5697A /* PBXTargetDependency */ = {
			isa = PBXTargetDependency;
			target = D65E2B955B174442BF9CBE36 /* ALL_BUILD */;
			targetProxy = 0B1D723BBA134CA78D4256C3 /* PBXContainerItemProxy */;
		};
		BB9078E973BC4144A7B5B2BE /* PBXTargetDependency */ = {
			isa = PBXTargetDependency;
			target = 7FADA5B5572B48EBB924EEC7 /* ZERO_CHECK */;
			targetProxy = 98ABFAA6FE014DEA9E086370 /* PBXContainerItemProxy */;
		};
/* End PBXTargetDependency section */

/* Begin XCBuildConfiguration section */
		002CB9E0595E4707A8EC77EE /* MinSizeRel */ = {
			isa = XCBuildConfiguration;
			buildSettings = {
				COMBINE_HIDPI_IMAGES = YES;
				GCC_GENERATE_DEBUGGING_SYMBOLS = YES;
				GCC_INLINES_ARE_PRIVATE_EXTERN = NO;
				GCC_OPTIMIZATION_LEVEL = 0;
				GCC_PREPROCESSOR_DEFINITIONS = ("'CMAKE_INTDIR=\"$(CONFIGURATION)$(EFFECTIVE_PLATFORM_NAME)\"'","$(inherited)");
				GCC_SYMBOLS_PRIVATE_EXTERN = NO;
				INSTALL_PATH = "";
				OTHER_LDFLAGS = ("","$(inherited)");
				OTHER_REZFLAGS = "";
				PRODUCT_NAME = install;
				SECTORDER_FLAGS = "";
				SYMROOT = /Users/bernardocohen/repos/library/cppTutorial1/cpp/XCode;
				USE_HEADERMAP = NO;
				WARNING_CFLAGS = ("$(inherited)");
			};
			name = MinSizeRel;
		};
		088D2EEBDD914B0B8700DEC1 /* Release */ = {
			isa = XCBuildConfiguration;
			buildSettings = {
				ARCHS = "$(NATIVE_ARCH_ACTUAL)";
				ONLY_ACTIVE_ARCH = YES;
				SDKROOT = /Applications/Xcode.app/Contents/Developer/Platforms/MacOSX.platform/Developer/SDKs/MacOSX12.3.sdk;
				SYMROOT = /Users/bernardocohen/repos/library/cppTutorial1/cpp/XCode/build;
			};
			name = Release;
		};
		1702F121E7304861BC48BA18 /* RelWithDebInfo */ = {
			isa = XCBuildConfiguration;
			buildSettings = {
				COMBINE_HIDPI_IMAGES = YES;
				DYLIB_COMPATIBILITY_VERSION = "";
				DYLIB_CURRENT_VERSION = "";
				EXECUTABLE_PREFIX = lib;
				EXECUTABLE_SUFFIX = .dylib;
				GCC_GENERATE_DEBUGGING_SYMBOLS = YES;
				GCC_INLINES_ARE_PRIVATE_EXTERN = NO;
				GCC_OPTIMIZATION_LEVEL = 2;
				GCC_PREPROCESSOR_DEFINITIONS = ("'CMAKE_INTDIR=\"$(CONFIGURATION)$(EFFECTIVE_PLATFORM_NAME)\"'",cppTutorial1_EXPORTS,"$(inherited)");
				GCC_SYMBOLS_PRIVATE_EXTERN = NO;
				HEADER_SEARCH_PATHS = (/usr/local/include,/usr/local/Cellar/sdl2/2.0.20/include/SDL2,/Users/bernardocohen/repos/library/cppTutorial1/cpp/include/cppTutorial1_bits,"$(inherited)");
				INSTALL_PATH = "@rpath";
				LIBRARY_STYLE = DYNAMIC;
				OTHER_CPLUSPLUSFLAGS = "       -DNDEBUG -fPIC '-std=c++17' ";
				OTHER_LDFLAGS = (" -dynamiclib -Wl,-headerpad_max_install_names","-L/usr/local/Cellar/sdl2/2.0.20/lib  -lSDL2","$(inherited)");
				OTHER_REZFLAGS = "";
				PRODUCT_NAME = cppTutorial1;
				SECTORDER_FLAGS = "";
				SYMROOT = /Users/bernardocohen/repos/library/cppTutorial1/cpp/XCode;
				USE_HEADERMAP = NO;
				WARNING_CFLAGS = ("$(inherited)");
			};
			name = RelWithDebInfo;
		};
		1B08E92C5FF2412F888626D7 /* Debug */ = {
			isa = XCBuildConfiguration;
			buildSettings = {
				COMBINE_HIDPI_IMAGES = YES;
				GCC_GENERATE_DEBUGGING_SYMBOLS = YES;
				GCC_INLINES_ARE_PRIVATE_EXTERN = NO;
				GCC_OPTIMIZATION_LEVEL = 0;
				GCC_PREPROCESSOR_DEFINITIONS = ("'CMAKE_INTDIR=\"$(CONFIGURATION)$(EFFECTIVE_PLATFORM_NAME)\"'","$(inherited)");
				GCC_SYMBOLS_PRIVATE_EXTERN = NO;
				INSTALL_PATH = "";
				OTHER_LDFLAGS = ("","$(inherited)");
				OTHER_REZFLAGS = "";
				PRODUCT_NAME = ZERO_CHECK;
				SECTORDER_FLAGS = "";
				SYMROOT = /Users/bernardocohen/repos/library/cppTutorial1/cpp/XCode;
				USE_HEADERMAP = NO;
				WARNING_CFLAGS = ("$(inherited)");
			};
			name = Debug;
		};
		28CB56B307764809BA764F19 /* Release */ = {
			isa = XCBuildConfiguration;
			buildSettings = {
				COMBINE_HIDPI_IMAGES = YES;
				GCC_GENERATE_DEBUGGING_SYMBOLS = YES;
				GCC_INLINES_ARE_PRIVATE_EXTERN = NO;
				GCC_OPTIMIZATION_LEVEL = 0;
				GCC_PREPROCESSOR_DEFINITIONS = ("'CMAKE_INTDIR=\"$(CONFIGURATION)$(EFFECTIVE_PLATFORM_NAME)\"'","$(inherited)");
				GCC_SYMBOLS_PRIVATE_EXTERN = NO;
				INSTALL_PATH = "";
				OTHER_LDFLAGS = ("","$(inherited)");
				OTHER_REZFLAGS = "";
				PRODUCT_NAME = install;
				SECTORDER_FLAGS = "";
				SYMROOT = /Users/bernardocohen/repos/library/cppTutorial1/cpp/XCode;
				USE_HEADERMAP = NO;
				WARNING_CFLAGS = ("$(inherited)");
			};
			name = Release;
		};
		320B43D66FD64179AC3C7A24 /* Debug */ = {
			isa = XCBuildConfiguration;
			buildSettings = {
				ARCHS = "$(NATIVE_ARCH_ACTUAL)";
				ONLY_ACTIVE_ARCH = YES;
				SDKROOT = /Applications/Xcode.app/Contents/Developer/Platforms/MacOSX.platform/Developer/SDKs/MacOSX12.3.sdk;
				SYMROOT = /Users/bernardocohen/repos/library/cppTutorial1/cpp/XCode/build;
			};
			name = Debug;
		};
		34CE64DECDE041BDAED8A549 /* Debug */ = {
			isa = XCBuildConfiguration;
			buildSettings = {
				COMBINE_HIDPI_IMAGES = YES;
				DYLIB_COMPATIBILITY_VERSION = "";
				DYLIB_CURRENT_VERSION = "";
				EXECUTABLE_PREFIX = lib;
				EXECUTABLE_SUFFIX = .dylib;
				GCC_GENERATE_DEBUGGING_SYMBOLS = YES;
				GCC_INLINES_ARE_PRIVATE_EXTERN = NO;
				GCC_OPTIMIZATION_LEVEL = 0;
				GCC_PREPROCESSOR_DEFINITIONS = ("'CMAKE_INTDIR=\"$(CONFIGURATION)$(EFFECTIVE_PLATFORM_NAME)\"'",cppTutorial1_EXPORTS,"$(inherited)");
				GCC_SYMBOLS_PRIVATE_EXTERN = NO;
				HEADER_SEARCH_PATHS = (/usr/local/include,/usr/local/Cellar/sdl2/2.0.20/include/SDL2,/Users/bernardocohen/repos/library/cppTutorial1/cpp/include/cppTutorial1_bits,"$(inherited)");
				INSTALL_PATH = "@rpath";
				LIBRARY_STYLE = DYNAMIC;
				OTHER_CPLUSPLUSFLAGS = "   -fPIC '-std=c++17' ";
				OTHER_LDFLAGS = (" -dynamiclib -Wl,-headerpad_max_install_names","-L/usr/local/Cellar/sdl2/2.0.20/lib  -lSDL2","$(inherited)");
				OTHER_REZFLAGS = "";
				PRODUCT_NAME = cppTutorial1;
				SECTORDER_FLAGS = "";
				SYMROOT = /Users/bernardocohen/repos/library/cppTutorial1/cpp/XCode;
				USE_HEADERMAP = NO;
				WARNING_CFLAGS = ("$(inherited)");
			};
			name = Debug;
		};
		466ECFB5EBA74BA88B754F25 /* MinSizeRel */ = {
			isa = XCBuildConfiguration;
			buildSettings = {
				COMBINE_HIDPI_IMAGES = YES;
				DYLIB_COMPATIBILITY_VERSION = "";
				DYLIB_CURRENT_VERSION = "";
				EXECUTABLE_PREFIX = lib;
				EXECUTABLE_SUFFIX = .dylib;
				GCC_GENERATE_DEBUGGING_SYMBOLS = NO;
				GCC_INLINES_ARE_PRIVATE_EXTERN = NO;
				GCC_OPTIMIZATION_LEVEL = s;
				GCC_PREPROCESSOR_DEFINITIONS = ("'CMAKE_INTDIR=\"$(CONFIGURATION)$(EFFECTIVE_PLATFORM_NAME)\"'",cppTutorial1_EXPORTS,"$(inherited)");
				GCC_SYMBOLS_PRIVATE_EXTERN = NO;
				HEADER_SEARCH_PATHS = (/usr/local/include,/usr/local/Cellar/sdl2/2.0.20/include/SDL2,/Users/bernardocohen/repos/library/cppTutorial1/cpp/include/cppTutorial1_bits,"$(inherited)");
				INSTALL_PATH = "@rpath";
				LIBRARY_STYLE = DYNAMIC;
				OTHER_CPLUSPLUSFLAGS = "    -DNDEBUG -fPIC '-std=c++17' ";
				OTHER_LDFLAGS = (" -dynamiclib -Wl,-headerpad_max_install_names","-L/usr/local/Cellar/sdl2/2.0.20/lib  -lSDL2","$(inherited)");
				OTHER_REZFLAGS = "";
				PRODUCT_NAME = cppTutorial1;
				SECTORDER_FLAGS = "";
				SYMROOT = /Users/bernardocohen/repos/library/cppTutorial1/cpp/XCode;
				USE_HEADERMAP = NO;
				WARNING_CFLAGS = ("$(inherited)");
			};
			name = MinSizeRel;
		};
		4EBEB1C671674B44AD9EB46D /* MinSizeRel */ = {
			isa = XCBuildConfiguration;
			buildSettings = {
				COMBINE_HIDPI_IMAGES = YES;
				GCC_GENERATE_DEBUGGING_SYMBOLS = YES;
				GCC_INLINES_ARE_PRIVATE_EXTERN = NO;
				GCC_OPTIMIZATION_LEVEL = 0;
				GCC_PREPROCESSOR_DEFINITIONS = ("'CMAKE_INTDIR=\"$(CONFIGURATION)$(EFFECTIVE_PLATFORM_NAME)\"'","$(inherited)");
				GCC_SYMBOLS_PRIVATE_EXTERN = NO;
				INSTALL_PATH = "";
				OTHER_LDFLAGS = ("","$(inherited)");
				OTHER_REZFLAGS = "";
				PRODUCT_NAME = ALL_BUILD;
				SECTORDER_FLAGS = "";
				SYMROOT = /Users/bernardocohen/repos/library/cppTutorial1/cpp/XCode;
				USE_HEADERMAP = NO;
				WARNING_CFLAGS = ("$(inherited)");
			};
			name = MinSizeRel;
		};
		568F9FE389884E6691E06B5A /* Debug */ = {
			isa = XCBuildConfiguration;
			buildSettings = {
				COMBINE_HIDPI_IMAGES = YES;
				GCC_GENERATE_DEBUGGING_SYMBOLS = YES;
				GCC_INLINES_ARE_PRIVATE_EXTERN = NO;
				GCC_OPTIMIZATION_LEVEL = 0;
				GCC_PREPROCESSOR_DEFINITIONS = ("'CMAKE_INTDIR=\"$(CONFIGURATION)$(EFFECTIVE_PLATFORM_NAME)\"'","$(inherited)");
				GCC_SYMBOLS_PRIVATE_EXTERN = NO;
				INSTALL_PATH = "";
				OTHER_LDFLAGS = ("","$(inherited)");
				OTHER_REZFLAGS = "";
				PRODUCT_NAME = install;
				SECTORDER_FLAGS = "";
				SYMROOT = /Users/bernardocohen/repos/library/cppTutorial1/cpp/XCode;
				USE_HEADERMAP = NO;
				WARNING_CFLAGS = ("$(inherited)");
			};
			name = Debug;
		};
		6481D91BC501476F899F713B /* RelWithDebInfo */ = {
			isa = XCBuildConfiguration;
			buildSettings = {
				COMBINE_HIDPI_IMAGES = YES;
				GCC_GENERATE_DEBUGGING_SYMBOLS = YES;
				GCC_INLINES_ARE_PRIVATE_EXTERN = NO;
				GCC_OPTIMIZATION_LEVEL = 0;
				GCC_PREPROCESSOR_DEFINITIONS = ("'CMAKE_INTDIR=\"$(CONFIGURATION)$(EFFECTIVE_PLATFORM_NAME)\"'","$(inherited)");
				GCC_SYMBOLS_PRIVATE_EXTERN = NO;
				INSTALL_PATH = "";
				OTHER_LDFLAGS = ("","$(inherited)");
				OTHER_REZFLAGS = "";
				PRODUCT_NAME = ZERO_CHECK;
				SECTORDER_FLAGS = "";
				SYMROOT = /Users/bernardocohen/repos/library/cppTutorial1/cpp/XCode;
				USE_HEADERMAP = NO;
				WARNING_CFLAGS = ("$(inherited)");
			};
			name = RelWithDebInfo;
		};
		6AE11AB61E854C07AEB970A7 /* RelWithDebInfo */ = {
			isa = XCBuildConfiguration;
			buildSettings = {
				ARCHS = "$(NATIVE_ARCH_ACTUAL)";
				ONLY_ACTIVE_ARCH = YES;
				SDKROOT = /Applications/Xcode.app/Contents/Developer/Platforms/MacOSX.platform/Developer/SDKs/MacOSX12.3.sdk;
				SYMROOT = /Users/bernardocohen/repos/library/cppTutorial1/cpp/XCode/build;
			};
			name = RelWithDebInfo;
		};
		83C2C71F89C64469AF79780D /* Release */ = {
			isa = XCBuildConfiguration;
			buildSettings = {
				COMBINE_HIDPI_IMAGES = YES;
				GCC_GENERATE_DEBUGGING_SYMBOLS = YES;
				GCC_INLINES_ARE_PRIVATE_EXTERN = NO;
				GCC_OPTIMIZATION_LEVEL = 0;
				GCC_PREPROCESSOR_DEFINITIONS = ("'CMAKE_INTDIR=\"$(CONFIGURATION)$(EFFECTIVE_PLATFORM_NAME)\"'","$(inherited)");
				GCC_SYMBOLS_PRIVATE_EXTERN = NO;
				INSTALL_PATH = "";
				OTHER_LDFLAGS = ("","$(inherited)");
				OTHER_REZFLAGS = "";
				PRODUCT_NAME = ZERO_CHECK;
				SECTORDER_FLAGS = "";
				SYMROOT = /Users/bernardocohen/repos/library/cppTutorial1/cpp/XCode;
				USE_HEADERMAP = NO;
				WARNING_CFLAGS = ("$(inherited)");
			};
			name = Release;
		};
		930C141768D04A37AFDF5A38 /* Release */ = {
			isa = XCBuildConfiguration;
			buildSettings = {
				COMBINE_HIDPI_IMAGES = YES;
				DYLIB_COMPATIBILITY_VERSION = "";
				DYLIB_CURRENT_VERSION = "";
				EXECUTABLE_PREFIX = lib;
				EXECUTABLE_SUFFIX = .dylib;
				GCC_GENERATE_DEBUGGING_SYMBOLS = NO;
				GCC_INLINES_ARE_PRIVATE_EXTERN = NO;
				GCC_OPTIMIZATION_LEVEL = 3;
				GCC_PREPROCESSOR_DEFINITIONS = ("'CMAKE_INTDIR=\"$(CONFIGURATION)$(EFFECTIVE_PLATFORM_NAME)\"'",cppTutorial1_EXPORTS,"$(inherited)");
				GCC_SYMBOLS_PRIVATE_EXTERN = NO;
				HEADER_SEARCH_PATHS = (/usr/local/include,/usr/local/Cellar/sdl2/2.0.20/include/SDL2,/Users/bernardocohen/repos/library/cppTutorial1/cpp/include/cppTutorial1_bits,"$(inherited)");
				INSTALL_PATH = "@rpath";
				LIBRARY_STYLE = DYNAMIC;
				OTHER_CPLUSPLUSFLAGS = "    -DNDEBUG -fPIC '-std=c++17' ";
				OTHER_LDFLAGS = (" -dynamiclib -Wl,-headerpad_max_install_names","-L/usr/local/Cellar/sdl2/2.0.20/lib  -lSDL2","$(inherited)");
				OTHER_REZFLAGS = "";
				PRODUCT_NAME = cppTutorial1;
				SECTORDER_FLAGS = "";
				SYMROOT = /Users/bernardocohen/repos/library/cppTutorial1/cpp/XCode;
				USE_HEADERMAP = NO;
				WARNING_CFLAGS = ("$(inherited)");
			};
			name = Release;
		};
		9956180992DB4491ACDEEF9C /* Debug */ = {
			isa = XCBuildConfiguration;
			buildSettings = {
				COMBINE_HIDPI_IMAGES = YES;
				GCC_GENERATE_DEBUGGING_SYMBOLS = YES;
				GCC_INLINES_ARE_PRIVATE_EXTERN = NO;
				GCC_OPTIMIZATION_LEVEL = 0;
				GCC_PREPROCESSOR_DEFINITIONS = ("'CMAKE_INTDIR=\"$(CONFIGURATION)$(EFFECTIVE_PLATFORM_NAME)\"'","$(inherited)");
				GCC_SYMBOLS_PRIVATE_EXTERN = NO;
				INSTALL_PATH = "";
				OTHER_LDFLAGS = ("","$(inherited)");
				OTHER_REZFLAGS = "";
				PRODUCT_NAME = ALL_BUILD;
				SECTORDER_FLAGS = "";
				SYMROOT = /Users/bernardocohen/repos/library/cppTutorial1/cpp/XCode;
				USE_HEADERMAP = NO;
				WARNING_CFLAGS = ("$(inherited)");
			};
			name = Debug;
		};
		A0A474BE8C5B4BCFB8DA17A9 /* RelWithDebInfo */ = {
			isa = XCBuildConfiguration;
			buildSettings = {
				COMBINE_HIDPI_IMAGES = YES;
				GCC_GENERATE_DEBUGGING_SYMBOLS = YES;
				GCC_INLINES_ARE_PRIVATE_EXTERN = NO;
				GCC_OPTIMIZATION_LEVEL = 0;
				GCC_PREPROCESSOR_DEFINITIONS = ("'CMAKE_INTDIR=\"$(CONFIGURATION)$(EFFECTIVE_PLATFORM_NAME)\"'","$(inherited)");
				GCC_SYMBOLS_PRIVATE_EXTERN = NO;
				INSTALL_PATH = "";
				OTHER_LDFLAGS = ("","$(inherited)");
				OTHER_REZFLAGS = "";
				PRODUCT_NAME = ALL_BUILD;
				SECTORDER_FLAGS = "";
				SYMROOT = /Users/bernardocohen/repos/library/cppTutorial1/cpp/XCode;
				USE_HEADERMAP = NO;
				WARNING_CFLAGS = ("$(inherited)");
			};
			name = RelWithDebInfo;
		};
		A9CCF60C46A34D16BCC1127A /* Release */ = {
			isa = XCBuildConfiguration;
			buildSettings = {
				COMBINE_HIDPI_IMAGES = YES;
				GCC_GENERATE_DEBUGGING_SYMBOLS = YES;
				GCC_INLINES_ARE_PRIVATE_EXTERN = NO;
				GCC_OPTIMIZATION_LEVEL = 0;
				GCC_PREPROCESSOR_DEFINITIONS = ("'CMAKE_INTDIR=\"$(CONFIGURATION)$(EFFECTIVE_PLATFORM_NAME)\"'","$(inherited)");
				GCC_SYMBOLS_PRIVATE_EXTERN = NO;
				INSTALL_PATH = "";
				OTHER_LDFLAGS = ("","$(inherited)");
				OTHER_REZFLAGS = "";
				PRODUCT_NAME = ALL_BUILD;
				SECTORDER_FLAGS = "";
				SYMROOT = /Users/bernardocohen/repos/library/cppTutorial1/cpp/XCode;
				USE_HEADERMAP = NO;
				WARNING_CFLAGS = ("$(inherited)");
			};
			name = Release;
		};
		B772095DED734DCD80FA27BB /* MinSizeRel */ = {
			isa = XCBuildConfiguration;
			buildSettings = {
				ARCHS = "$(NATIVE_ARCH_ACTUAL)";
				ONLY_ACTIVE_ARCH = YES;
				SDKROOT = /Applications/Xcode.app/Contents/Developer/Platforms/MacOSX.platform/Developer/SDKs/MacOSX12.3.sdk;
				SYMROOT = /Users/bernardocohen/repos/library/cppTutorial1/cpp/XCode/build;
			};
			name = MinSizeRel;
		};
		D27191A9AD6943D2A2FA3CA9 /* RelWithDebInfo */ = {
			isa = XCBuildConfiguration;
			buildSettings = {
				COMBINE_HIDPI_IMAGES = YES;
				GCC_GENERATE_DEBUGGING_SYMBOLS = YES;
				GCC_INLINES_ARE_PRIVATE_EXTERN = NO;
				GCC_OPTIMIZATION_LEVEL = 0;
				GCC_PREPROCESSOR_DEFINITIONS = ("'CMAKE_INTDIR=\"$(CONFIGURATION)$(EFFECTIVE_PLATFORM_NAME)\"'","$(inherited)");
				GCC_SYMBOLS_PRIVATE_EXTERN = NO;
				INSTALL_PATH = "";
				OTHER_LDFLAGS = ("","$(inherited)");
				OTHER_REZFLAGS = "";
				PRODUCT_NAME = install;
				SECTORDER_FLAGS = "";
				SYMROOT = /Users/bernardocohen/repos/library/cppTutorial1/cpp/XCode;
				USE_HEADERMAP = NO;
				WARNING_CFLAGS = ("$(inherited)");
			};
			name = RelWithDebInfo;
		};
		F7AB12ECB48A45AC8F98A024 /* MinSizeRel */ = {
			isa = XCBuildConfiguration;
			buildSettings = {
				COMBINE_HIDPI_IMAGES = YES;
				GCC_GENERATE_DEBUGGING_SYMBOLS = YES;
				GCC_INLINES_ARE_PRIVATE_EXTERN = NO;
				GCC_OPTIMIZATION_LEVEL = 0;
				GCC_PREPROCESSOR_DEFINITIONS = ("'CMAKE_INTDIR=\"$(CONFIGURATION)$(EFFECTIVE_PLATFORM_NAME)\"'","$(inherited)");
				GCC_SYMBOLS_PRIVATE_EXTERN = NO;
				INSTALL_PATH = "";
				OTHER_LDFLAGS = ("","$(inherited)");
				OTHER_REZFLAGS = "";
				PRODUCT_NAME = ZERO_CHECK;
				SECTORDER_FLAGS = "";
				SYMROOT = /Users/bernardocohen/repos/library/cppTutorial1/cpp/XCode;
				USE_HEADERMAP = NO;
				WARNING_CFLAGS = ("$(inherited)");
			};
			name = MinSizeRel;
		};
/* End XCBuildConfiguration section */

/* Begin XCConfigurationList section */
		6581A3CEEE2F46138ACA5580 /* Build configuration list for PBXAggregateTarget "ZERO_CHECK" */ = {
			isa = XCConfigurationList;
			buildConfigurations = (
				1B08E92C5FF2412F888626D7 /* Debug */,
				83C2C71F89C64469AF79780D /* Release */,
				F7AB12ECB48A45AC8F98A024 /* MinSizeRel */,
				6481D91BC501476F899F713B /* RelWithDebInfo */,
			);
			defaultConfigurationIsVisible = 0;
			defaultConfigurationName = Debug;
		};
		68B9028D940A4DB9A04C440F /* Build configuration list for PBXAggregateTarget "install" */ = {
			isa = XCConfigurationList;
			buildConfigurations = (
				568F9FE389884E6691E06B5A /* Debug */,
				28CB56B307764809BA764F19 /* Release */,
				002CB9E0595E4707A8EC77EE /* MinSizeRel */,
				D27191A9AD6943D2A2FA3CA9 /* RelWithDebInfo */,
			);
			defaultConfigurationIsVisible = 0;
			defaultConfigurationName = Debug;
		};
		A397DD6AA24A4D3998AF66F0 /* Build configuration list for PBXProject "cppTutorial1" */ = {
			isa = XCConfigurationList;
			buildConfigurations = (
				320B43D66FD64179AC3C7A24 /* Debug */,
				088D2EEBDD914B0B8700DEC1 /* Release */,
				B772095DED734DCD80FA27BB /* MinSizeRel */,
				6AE11AB61E854C07AEB970A7 /* RelWithDebInfo */,
			);
			defaultConfigurationIsVisible = 0;
			defaultConfigurationName = Debug;
		};
		C6B6561415904CC080481FF7 /* Build configuration list for PBXNativeTarget "cppTutorial1" */ = {
			isa = XCConfigurationList;
			buildConfigurations = (
				34CE64DECDE041BDAED8A549 /* Debug */,
				930C141768D04A37AFDF5A38 /* Release */,
				466ECFB5EBA74BA88B754F25 /* MinSizeRel */,
				1702F121E7304861BC48BA18 /* RelWithDebInfo */,
			);
			defaultConfigurationIsVisible = 0;
			defaultConfigurationName = Debug;
		};
		CEDBC6B5A15641599415D1C2 /* Build configuration list for PBXAggregateTarget "ALL_BUILD" */ = {
			isa = XCConfigurationList;
			buildConfigurations = (
				9956180992DB4491ACDEEF9C /* Debug */,
				A9CCF60C46A34D16BCC1127A /* Release */,
				4EBEB1C671674B44AD9EB46D /* MinSizeRel */,
				A0A474BE8C5B4BCFB8DA17A9 /* RelWithDebInfo */,
			);
			defaultConfigurationIsVisible = 0;
			defaultConfigurationName = Debug;
		};
/* End XCConfigurationList section */
	};
	rootObject = AD0032C09B4D4226B4B6F716 /* Project object */;
}
